// !$*UTF8*$!
{
	archiveVersion = 1;
	classes = {
	};
	objectVersion = 46;
	objects = {

/* Begin PBXBuildFile section */
		B501128B16A1459900044C85 /* AFOAuth2Client.m in Sources */ = {isa = PBXBuildFile; fileRef = B501128A16A1459900044C85 /* AFOAuth2Client.m */; };
		B501129016A2183700044C85 /* NewsfeedDetailsViewController.m in Sources */ = {isa = PBXBuildFile; fileRef = B501128E16A2183700044C85 /* NewsfeedDetailsViewController.m */; };
		B501129116A2183700044C85 /* NewsfeedDetailsViewController.xib in Resources */ = {isa = PBXBuildFile; fileRef = B501128F16A2183700044C85 /* NewsfeedDetailsViewController.xib */; };
		B501129416A2190300044C85 /* TimelineEvent.m in Sources */ = {isa = PBXBuildFile; fileRef = B501129316A2190300044C85 /* TimelineEvent.m */; };
		B55514CA16A33C89004D5713 /* barButton.png in Resources */ = {isa = PBXBuildFile; fileRef = B55514B116A33C89004D5713 /* barButton.png */; };
		B55514CB16A33C89004D5713 /* barButton@2x.png in Resources */ = {isa = PBXBuildFile; fileRef = B55514B216A33C89004D5713 /* barButton@2x.png */; };
		B55514CC16A33C89004D5713 /* barButtonBack.png in Resources */ = {isa = PBXBuildFile; fileRef = B55514B316A33C89004D5713 /* barButtonBack.png */; };
		B55514CD16A33C89004D5713 /* barButtonBack@2x.png in Resources */ = {isa = PBXBuildFile; fileRef = B55514B416A33C89004D5713 /* barButtonBack@2x.png */; };
		B55514CE16A33C89004D5713 /* barButtonBackDisabled.png in Resources */ = {isa = PBXBuildFile; fileRef = B55514B516A33C89004D5713 /* barButtonBackDisabled.png */; };
		B55514CF16A33C89004D5713 /* barButtonBackDisabled@2x.png in Resources */ = {isa = PBXBuildFile; fileRef = B55514B616A33C89004D5713 /* barButtonBackDisabled@2x.png */; };
		B55514D016A33C89004D5713 /* barButtonBackPressed.png in Resources */ = {isa = PBXBuildFile; fileRef = B55514B716A33C89004D5713 /* barButtonBackPressed.png */; };
		B55514D116A33C89004D5713 /* barButtonBackPressed@2x.png in Resources */ = {isa = PBXBuildFile; fileRef = B55514B816A33C89004D5713 /* barButtonBackPressed@2x.png */; };
		B55514D216A33C89004D5713 /* barButtonDisabled.png in Resources */ = {isa = PBXBuildFile; fileRef = B55514B916A33C89004D5713 /* barButtonDisabled.png */; };
		B55514D316A33C89004D5713 /* barButtonDisabled@2x.png in Resources */ = {isa = PBXBuildFile; fileRef = B55514BA16A33C89004D5713 /* barButtonDisabled@2x.png */; };
		B55514D416A33C89004D5713 /* barButtonPressed.png in Resources */ = {isa = PBXBuildFile; fileRef = B55514BB16A33C89004D5713 /* barButtonPressed.png */; };
		B55514D516A33C89004D5713 /* barButtonPressed@2x.png in Resources */ = {isa = PBXBuildFile; fileRef = B55514BC16A33C89004D5713 /* barButtonPressed@2x.png */; };
		B55514D616A33C89004D5713 /* barButton.idraw in Resources */ = {isa = PBXBuildFile; fileRef = B55514BE16A33C89004D5713 /* barButton.idraw */; };
		B55514D716A33C89004D5713 /* barButton.svg in Resources */ = {isa = PBXBuildFile; fileRef = B55514BF16A33C89004D5713 /* barButton.svg */; };
		B55514D816A33C89004D5713 /* barButtonBack.idraw in Resources */ = {isa = PBXBuildFile; fileRef = B55514C016A33C89004D5713 /* barButtonBack.idraw */; };
		B55514D916A33C89004D5713 /* barButtonBack.svg in Resources */ = {isa = PBXBuildFile; fileRef = B55514C116A33C89004D5713 /* barButtonBack.svg */; };
		B55514DA16A33C89004D5713 /* barButtonBackDisabled.idraw in Resources */ = {isa = PBXBuildFile; fileRef = B55514C216A33C89004D5713 /* barButtonBackDisabled.idraw */; };
		B55514DB16A33C89004D5713 /* barButtonBackDisabled.svg in Resources */ = {isa = PBXBuildFile; fileRef = B55514C316A33C89004D5713 /* barButtonBackDisabled.svg */; };
		B55514DC16A33C89004D5713 /* barButtonBackPressed.idraw in Resources */ = {isa = PBXBuildFile; fileRef = B55514C416A33C89004D5713 /* barButtonBackPressed.idraw */; };
		B55514DD16A33C89004D5713 /* barButtonBackPressed.svg in Resources */ = {isa = PBXBuildFile; fileRef = B55514C516A33C89004D5713 /* barButtonBackPressed.svg */; };
		B55514DE16A33C89004D5713 /* barButtonDisabled.idraw in Resources */ = {isa = PBXBuildFile; fileRef = B55514C616A33C89004D5713 /* barButtonDisabled.idraw */; };
		B55514DF16A33C89004D5713 /* barButtonDisabled.svg in Resources */ = {isa = PBXBuildFile; fileRef = B55514C716A33C89004D5713 /* barButtonDisabled.svg */; };
		B55514E016A33C89004D5713 /* barButtonPressed.idraw in Resources */ = {isa = PBXBuildFile; fileRef = B55514C816A33C89004D5713 /* barButtonPressed.idraw */; };
		B55514E116A33C89004D5713 /* barButtonPressed.svg in Resources */ = {isa = PBXBuildFile; fileRef = B55514C916A33C89004D5713 /* barButtonPressed.svg */; };
		B55514F016A3CD90004D5713 /* glyphicons_081_refresh.png in Resources */ = {isa = PBXBuildFile; fileRef = B55514EE16A3CD90004D5713 /* glyphicons_081_refresh.png */; };
		B55514F116A3CD90004D5713 /* glyphicons_081_refresh@2x.png in Resources */ = {isa = PBXBuildFile; fileRef = B55514EF16A3CD90004D5713 /* glyphicons_081_refresh@2x.png */; };
		B55514F416A3CE6D004D5713 /* glyphicons_081_refresh.png in Resources */ = {isa = PBXBuildFile; fileRef = B55514F216A3CE6D004D5713 /* glyphicons_081_refresh.png */; };
		B55514F516A3CE6D004D5713 /* glyphicons_081_refresh@2x.png in Resources */ = {isa = PBXBuildFile; fileRef = B55514F316A3CE6D004D5713 /* glyphicons_081_refresh@2x.png */; };
		B55514F816A3CEA9004D5713 /* glyphicons_081_refresh.png in Resources */ = {isa = PBXBuildFile; fileRef = B55514F616A3CEA9004D5713 /* glyphicons_081_refresh.png */; };
		B55514F916A3CEA9004D5713 /* glyphicons_081_refresh@2x.png in Resources */ = {isa = PBXBuildFile; fileRef = B55514F716A3CEA9004D5713 /* glyphicons_081_refresh@2x.png */; };
		B55514FC16A3CEC7004D5713 /* glyphicons_081_refresh.png in Resources */ = {isa = PBXBuildFile; fileRef = B55514FA16A3CEC7004D5713 /* glyphicons_081_refresh.png */; };
		B55514FD16A3CEC7004D5713 /* glyphicons_081_refresh@2x.png in Resources */ = {isa = PBXBuildFile; fileRef = B55514FB16A3CEC7004D5713 /* glyphicons_081_refresh@2x.png */; };
		B555150016A3CEE8004D5713 /* glyphicons_081_refresh.png in Resources */ = {isa = PBXBuildFile; fileRef = B55514FE16A3CEE8004D5713 /* glyphicons_081_refresh.png */; };
		B555150116A3CEE8004D5713 /* glyphicons_081_refresh@2x.png in Resources */ = {isa = PBXBuildFile; fileRef = B55514FF16A3CEE8004D5713 /* glyphicons_081_refresh@2x.png */; };
		B5ACFE841698026F008E56C1 /* header_bg.png in Resources */ = {isa = PBXBuildFile; fileRef = B5ACFE831698026F008E56C1 /* header_bg.png */; };
		B5ACFE8616980886008E56C1 /* tabbar_bg.png in Resources */ = {isa = PBXBuildFile; fileRef = B5ACFE8516980886008E56C1 /* tabbar_bg.png */; };
		B5ACFE8E1698B80F008E56C1 /* Icon.png in Resources */ = {isa = PBXBuildFile; fileRef = B5ACFE8D1698B80F008E56C1 /* Icon.png */; };
		B5ACFE901698B81A008E56C1 /* icon@2x_et.png in Resources */ = {isa = PBXBuildFile; fileRef = B5ACFE8F1698B81A008E56C1 /* icon@2x_et.png */; };
		B5CB3C76168267AF00566E19 /* NewsFeedCell.m in Sources */ = {isa = PBXBuildFile; fileRef = B5CB3C75168267AF00566E19 /* NewsFeedCell.m */; };
		B5CB3C78168267BF00566E19 /* NewsFeed.xib in Resources */ = {isa = PBXBuildFile; fileRef = B5CB3C77168267BF00566E19 /* NewsFeed.xib */; };
		B5CB3C7A16827CE000566E19 /* news_icon.png in Resources */ = {isa = PBXBuildFile; fileRef = B5CB3C7916827CE000566E19 /* news_icon.png */; };
		B5CB3C8016827E1B00566E19 /* news_icon.png in Resources */ = {isa = PBXBuildFile; fileRef = B5CB3C7F16827E1B00566E19 /* news_icon.png */; };
		B5CB3C8216827FFB00566E19 /* news_icon.png in Resources */ = {isa = PBXBuildFile; fileRef = B5CB3C8116827FFB00566E19 /* news_icon.png */; };
		B5CB3C841682805B00566E19 /* repos_icon.png in Resources */ = {isa = PBXBuildFile; fileRef = B5CB3C831682805B00566E19 /* repos_icon.png */; };
		B5CB3C86168280D900566E19 /* gists_icon.png in Resources */ = {isa = PBXBuildFile; fileRef = B5CB3C85168280D900566E19 /* gists_icon.png */; };
		B5CB3C881682870800566E19 /* tabbar_bg.png in Resources */ = {isa = PBXBuildFile; fileRef = B5CB3C871682870800566E19 /* tabbar_bg.png */; };
		B5CB3C8E168289C300566E19 /* tabbar_bg.png in Resources */ = {isa = PBXBuildFile; fileRef = B5CB3C8D168289C300566E19 /* tabbar_bg.png */; };
		B5CB3C9016828A0B00566E19 /* tabbar_bg.png in Resources */ = {isa = PBXBuildFile; fileRef = B5CB3C8F16828A0B00566E19 /* tabbar_bg.png */; };
		B5CB3C9216828BFB00566E19 /* header_bg.png in Resources */ = {isa = PBXBuildFile; fileRef = B5CB3C9116828BFB00566E19 /* header_bg.png */; };
		B5CB3C9516828E2200566E19 /* SpinnerView.m in Sources */ = {isa = PBXBuildFile; fileRef = B5CB3C9416828E2200566E19 /* SpinnerView.m */; };
		B5CB3C9916828FBE00566E19 /* ProfileViewController.m in Sources */ = {isa = PBXBuildFile; fileRef = B5CB3C9716828FBE00566E19 /* ProfileViewController.m */; };
		B5CB3C9A16828FBE00566E19 /* ProfileViewController.xib in Resources */ = {isa = PBXBuildFile; fileRef = B5CB3C9816828FBE00566E19 /* ProfileViewController.xib */; };
		B5CB3C9C1682908800566E19 /* profile_icon.png in Resources */ = {isa = PBXBuildFile; fileRef = B5CB3C9B1682908800566E19 /* profile_icon.png */; };
		B5CB3C9E168291C200566E19 /* profile_icon.png in Resources */ = {isa = PBXBuildFile; fileRef = B5CB3C9D168291C200566E19 /* profile_icon.png */; };
		B5CB3CA01682D0B000566E19 /* location_icon.png in Resources */ = {isa = PBXBuildFile; fileRef = B5CB3C9F1682D0B000566E19 /* location_icon.png */; };
		B5CB3CA21682D27C00566E19 /* link_icon.png in Resources */ = {isa = PBXBuildFile; fileRef = B5CB3CA11682D27C00566E19 /* link_icon.png */; };
		B5CB3CA61682D61400566E19 /* email_icon.png in Resources */ = {isa = PBXBuildFile; fileRef = B5CB3CA31682D61400566E19 /* email_icon.png */; };
		B5CB3CA71682D61400566E19 /* link_icon.png in Resources */ = {isa = PBXBuildFile; fileRef = B5CB3CA41682D61400566E19 /* link_icon.png */; };
		B5CB3CA81682D61400566E19 /* location_icon.png in Resources */ = {isa = PBXBuildFile; fileRef = B5CB3CA51682D61400566E19 /* location_icon.png */; };
		B5CB3CAA1682D66F00566E19 /* email_icon.png in Resources */ = {isa = PBXBuildFile; fileRef = B5CB3CA91682D66F00566E19 /* email_icon.png */; };
		B5CB3CAD1682D6A700566E19 /* ProfileCell.m in Sources */ = {isa = PBXBuildFile; fileRef = B5CB3CAC1682D6A700566E19 /* ProfileCell.m */; };
		B5CB3CAF1682D6BE00566E19 /* ProfileCell.xib in Resources */ = {isa = PBXBuildFile; fileRef = B5CB3CAE1682D6BE00566E19 /* ProfileCell.xib */; };
		B5CB3CB11682DC5D00566E19 /* followers_icon.png in Resources */ = {isa = PBXBuildFile; fileRef = B5CB3CB01682DC5D00566E19 /* followers_icon.png */; };
		B5CB3CBB1682E42100566E19 /* company_icon.png in Resources */ = {isa = PBXBuildFile; fileRef = B5CB3CBA1682E42100566E19 /* company_icon.png */; };
		B5CB3CBE1682E53700566E19 /* link_icon.png in Resources */ = {isa = PBXBuildFile; fileRef = B5CB3CBD1682E53700566E19 /* link_icon.png */; };
		B5CC190116822847000D32B3 /* User.m in Sources */ = {isa = PBXBuildFile; fileRef = B5CC190016822847000D32B3 /* User.m */; };
		B5CC1919168229AE000D32B3 /* AFHTTPClient.m in Sources */ = {isa = PBXBuildFile; fileRef = B5CC1905168229AE000D32B3 /* AFHTTPClient.m */; settings = {COMPILER_FLAGS = "-fno-objc-arc"; }; };
		B5CC191A168229AE000D32B3 /* AFHTTPRequestOperation.m in Sources */ = {isa = PBXBuildFile; fileRef = B5CC1907168229AE000D32B3 /* AFHTTPRequestOperation.m */; settings = {COMPILER_FLAGS = "-fno-objc-arc"; }; };
		B5CC191B168229AE000D32B3 /* AFImageRequestOperation.m in Sources */ = {isa = PBXBuildFile; fileRef = B5CC1909168229AE000D32B3 /* AFImageRequestOperation.m */; settings = {COMPILER_FLAGS = "-fno-objc-arc"; }; };
		B5CC191C168229AE000D32B3 /* AFJSONRequestOperation.m in Sources */ = {isa = PBXBuildFile; fileRef = B5CC190B168229AE000D32B3 /* AFJSONRequestOperation.m */; settings = {COMPILER_FLAGS = "-fno-objc-arc"; }; };
		B5CC191D168229AE000D32B3 /* AFJSONUtilities.m in Sources */ = {isa = PBXBuildFile; fileRef = B5CC190D168229AE000D32B3 /* AFJSONUtilities.m */; settings = {COMPILER_FLAGS = "-fno-objc-arc"; }; };
		B5CC191E168229AE000D32B3 /* AFNetworkActivityIndicatorManager.m in Sources */ = {isa = PBXBuildFile; fileRef = B5CC190F168229AE000D32B3 /* AFNetworkActivityIndicatorManager.m */; settings = {COMPILER_FLAGS = "-fno-objc-arc"; }; };
		B5CC191F168229AE000D32B3 /* AFPropertyListRequestOperation.m in Sources */ = {isa = PBXBuildFile; fileRef = B5CC1912168229AE000D32B3 /* AFPropertyListRequestOperation.m */; settings = {COMPILER_FLAGS = "-fno-objc-arc"; }; };
		B5CC1920168229AE000D32B3 /* AFURLConnectionOperation.m in Sources */ = {isa = PBXBuildFile; fileRef = B5CC1914168229AE000D32B3 /* AFURLConnectionOperation.m */; settings = {COMPILER_FLAGS = "-fno-objc-arc"; }; };
		B5CC1921168229AE000D32B3 /* AFXMLRequestOperation.m in Sources */ = {isa = PBXBuildFile; fileRef = B5CC1916168229AE000D32B3 /* AFXMLRequestOperation.m */; settings = {COMPILER_FLAGS = "-fno-objc-arc"; }; };
		B5CC1922168229AE000D32B3 /* UIImageView+AFNetworking.m in Sources */ = {isa = PBXBuildFile; fileRef = B5CC1918168229AE000D32B3 /* UIImageView+AFNetworking.m */; settings = {COMPILER_FLAGS = "-fno-objc-arc"; }; };
		B5DF89E6169FD60800114862 /* AppInitialization.m in Sources */ = {isa = PBXBuildFile; fileRef = B5DF89E5169FD60800114862 /* AppInitialization.m */; };
		B5DF89EF169FFFC200114862 /* SVPullToRefresh.m in Sources */ = {isa = PBXBuildFile; fileRef = B5DF89EE169FFFC200114862 /* SVPullToRefresh.m */; };
		B5DF89F116A000C200114862 /* QuartzCore.framework in Frameworks */ = {isa = PBXBuildFile; fileRef = B5DF89F016A000C200114862 /* QuartzCore.framework */; };
		B5E2CA91169A79C70004E9A7 /* RelativeDateDescriptor.m in Sources */ = {isa = PBXBuildFile; fileRef = B5E2CA90169A79C70004E9A7 /* RelativeDateDescriptor.m */; };
		B5E2CA99169A99C30004E9A7 /* GistCell.m in Sources */ = {isa = PBXBuildFile; fileRef = B5E2CA98169A99C30004E9A7 /* GistCell.m */; };
		B5E2CA9B169A9AFE0004E9A7 /* GistCell.xib in Resources */ = {isa = PBXBuildFile; fileRef = B5E2CA9A169A9AFE0004E9A7 /* GistCell.xib */; };
		B5E2CAA7169C05EF0004E9A7 /* OthersViewController.m in Sources */ = {isa = PBXBuildFile; fileRef = B5E2CAA5169C05EF0004E9A7 /* OthersViewController.m */; };
		B5E2CAA8169C05EF0004E9A7 /* OthersViewController.xib in Resources */ = {isa = PBXBuildFile; fileRef = B5E2CAA6169C05EF0004E9A7 /* OthersViewController.xib */; };
		B5E2CAAC169C074C0004E9A7 /* 259-list.png in Resources */ = {isa = PBXBuildFile; fileRef = B5E2CAAA169C074C0004E9A7 /* 259-list.png */; };
		B5E2CAAD169C074C0004E9A7 /* 259-list@2x.png in Resources */ = {isa = PBXBuildFile; fileRef = B5E2CAAB169C074C0004E9A7 /* 259-list@2x.png */; };
		B5E2CAB0169C09800004E9A7 /* 256-box2.png in Resources */ = {isa = PBXBuildFile; fileRef = B5E2CAAE169C09800004E9A7 /* 256-box2.png */; };
		B5E2CAB1169C09800004E9A7 /* 256-box2@2x.png in Resources */ = {isa = PBXBuildFile; fileRef = B5E2CAAF169C09800004E9A7 /* 256-box2@2x.png */; };
		B5ED8F391684313C00F3F4F6 /* news_icon.png in Resources */ = {isa = PBXBuildFile; fileRef = B5ED8F371684313C00F3F4F6 /* news_icon.png */; };
		B5ED8F3A1684313C00F3F4F6 /* newsfeed_icon_selected.png in Resources */ = {isa = PBXBuildFile; fileRef = B5ED8F381684313C00F3F4F6 /* newsfeed_icon_selected.png */; };
		B5ED8F3D1684324E00F3F4F6 /* repos_icon.png in Resources */ = {isa = PBXBuildFile; fileRef = B5ED8F3C1684324E00F3F4F6 /* repos_icon.png */; };
		B5ED8F3F1684327900F3F4F6 /* newsfeed_icon.png in Resources */ = {isa = PBXBuildFile; fileRef = B5ED8F3E1684327900F3F4F6 /* newsfeed_icon.png */; };
		B5ED8F41168432CD00F3F4F6 /* repos_icon.png in Resources */ = {isa = PBXBuildFile; fileRef = B5ED8F40168432CD00F3F4F6 /* repos_icon.png */; };
		B5ED8F451684335500F3F4F6 /* gists_icon.png in Resources */ = {isa = PBXBuildFile; fileRef = B5ED8F421684335500F3F4F6 /* gists_icon.png */; };
		B5ED8F461684335500F3F4F6 /* newsfeed_icon.png in Resources */ = {isa = PBXBuildFile; fileRef = B5ED8F431684335500F3F4F6 /* newsfeed_icon.png */; };
		B5ED8F471684335500F3F4F6 /* repos_icon.png in Resources */ = {isa = PBXBuildFile; fileRef = B5ED8F441684335500F3F4F6 /* repos_icon.png */; };
		B5ED8F49168433AB00F3F4F6 /* repos_icon.png in Resources */ = {isa = PBXBuildFile; fileRef = B5ED8F48168433AB00F3F4F6 /* repos_icon.png */; };
		B5ED8F4E1684346500F3F4F6 /* gists_icon.png in Resources */ = {isa = PBXBuildFile; fileRef = B5ED8F4A1684346500F3F4F6 /* gists_icon.png */; };
		B5ED8F4F1684346500F3F4F6 /* newsfeed_icon.png in Resources */ = {isa = PBXBuildFile; fileRef = B5ED8F4B1684346500F3F4F6 /* newsfeed_icon.png */; };
		B5ED8F501684346500F3F4F6 /* profile_icon.png in Resources */ = {isa = PBXBuildFile; fileRef = B5ED8F4C1684346500F3F4F6 /* profile_icon.png */; };
		B5ED8F511684346500F3F4F6 /* repos_icon.png in Resources */ = {isa = PBXBuildFile; fileRef = B5ED8F4D1684346500F3F4F6 /* repos_icon.png */; };
		B5ED8F541684374F00F3F4F6 /* 275-broadcast.png in Resources */ = {isa = PBXBuildFile; fileRef = B5ED8F521684374F00F3F4F6 /* 275-broadcast.png */; };
		B5ED8F551684374F00F3F4F6 /* 275-broadcast@2x.png in Resources */ = {isa = PBXBuildFile; fileRef = B5ED8F531684374F00F3F4F6 /* 275-broadcast@2x.png */; };
		B5ED8F6C168438A100F3F4F6 /* 253-person.png in Resources */ = {isa = PBXBuildFile; fileRef = B5ED8F6A168438A100F3F4F6 /* 253-person.png */; };
		B5ED8F6D168438A100F3F4F6 /* 253-person@2x.png in Resources */ = {isa = PBXBuildFile; fileRef = B5ED8F6B168438A100F3F4F6 /* 253-person@2x.png */; };
		B5ED8F70168438E800F3F4F6 /* 33-cabinet.png in Resources */ = {isa = PBXBuildFile; fileRef = B5ED8F6E168438E800F3F4F6 /* 33-cabinet.png */; };
		B5ED8F71168438E800F3F4F6 /* 33-cabinet@2x.png in Resources */ = {isa = PBXBuildFile; fileRef = B5ED8F6F168438E800F3F4F6 /* 33-cabinet@2x.png */; };
		B5ED8F741684393300F3F4F6 /* 179-notepad.png in Resources */ = {isa = PBXBuildFile; fileRef = B5ED8F721684393300F3F4F6 /* 179-notepad.png */; };
		B5ED8F751684393300F3F4F6 /* 179-notepad@2x.png in Resources */ = {isa = PBXBuildFile; fileRef = B5ED8F731684393300F3F4F6 /* 179-notepad@2x.png */; };
		B5ED8F781684397E00F3F4F6 /* 07-map-marker.png in Resources */ = {isa = PBXBuildFile; fileRef = B5ED8F761684397E00F3F4F6 /* 07-map-marker.png */; };
		B5ED8F791684397E00F3F4F6 /* 07-map-marker@2x.png in Resources */ = {isa = PBXBuildFile; fileRef = B5ED8F771684397E00F3F4F6 /* 07-map-marker@2x.png */; };
		B5ED8F7C16843EF000F3F4F6 /* 71-compass.png in Resources */ = {isa = PBXBuildFile; fileRef = B5ED8F7A16843EF000F3F4F6 /* 71-compass.png */; };
		B5ED8F7D16843EF000F3F4F6 /* 71-compass@2x.png in Resources */ = {isa = PBXBuildFile; fileRef = B5ED8F7B16843EF000F3F4F6 /* 71-compass@2x.png */; };
		B5ED8F841684413300F3F4F6 /* 287-at.png in Resources */ = {isa = PBXBuildFile; fileRef = B5ED8F821684413300F3F4F6 /* 287-at.png */; };
		B5ED8F851684413300F3F4F6 /* 287-at@2x.png in Resources */ = {isa = PBXBuildFile; fileRef = B5ED8F831684413300F3F4F6 /* 287-at@2x.png */; };
		B5ED8F881684419A00F3F4F6 /* 37-suitcase.png in Resources */ = {isa = PBXBuildFile; fileRef = B5ED8F861684419A00F3F4F6 /* 37-suitcase.png */; };
		B5ED8F891684419A00F3F4F6 /* 37-suitcase@2x.png in Resources */ = {isa = PBXBuildFile; fileRef = B5ED8F871684419A00F3F4F6 /* 37-suitcase@2x.png */; };
		B5ED8F8C1684422200F3F4F6 /* 112-group.png in Resources */ = {isa = PBXBuildFile; fileRef = B5ED8F8A1684422200F3F4F6 /* 112-group.png */; };
		B5ED8F8D1684422200F3F4F6 /* 112-group@2x.png in Resources */ = {isa = PBXBuildFile; fileRef = B5ED8F8B1684422200F3F4F6 /* 112-group@2x.png */; };
		B5ED8F901686EEBD00F3F4F6 /* RepoCell.m in Sources */ = {isa = PBXBuildFile; fileRef = B5ED8F8F1686EEBD00F3F4F6 /* RepoCell.m */; };
		B5ED8F921686EECD00F3F4F6 /* RepoCell.xib in Resources */ = {isa = PBXBuildFile; fileRef = B5ED8F911686EECD00F3F4F6 /* RepoCell.xib */; };
		B5ED8F951686F17F00F3F4F6 /* 255-box.png in Resources */ = {isa = PBXBuildFile; fileRef = B5ED8F931686F17F00F3F4F6 /* 255-box.png */; };
		B5ED8F961686F17F00F3F4F6 /* 255-box@2x.png in Resources */ = {isa = PBXBuildFile; fileRef = B5ED8F941686F17F00F3F4F6 /* 255-box@2x.png */; };
		B5ED8F9D168D639100F3F4F6 /* 12-eye.png in Resources */ = {isa = PBXBuildFile; fileRef = B5ED8F9B168D639100F3F4F6 /* 12-eye.png */; };
		B5ED8F9E168D639100F3F4F6 /* 12-eye@2x.png in Resources */ = {isa = PBXBuildFile; fileRef = B5ED8F9C168D639100F3F4F6 /* 12-eye@2x.png */; };
		B5ED8FA2168D64E800F3F4F6 /* 28-star.png in Resources */ = {isa = PBXBuildFile; fileRef = B5ED8FA0168D64E800F3F4F6 /* 28-star.png */; };
		B5ED8FA3168D64E800F3F4F6 /* 28-star@2x.png in Resources */ = {isa = PBXBuildFile; fileRef = B5ED8FA1168D64E800F3F4F6 /* 28-star@2x.png */; };
		B5ED8FA71691598200F3F4F6 /* RepoViewController.m in Sources */ = {isa = PBXBuildFile; fileRef = B5ED8FA51691598200F3F4F6 /* RepoViewController.m */; };
		B5ED8FA81691598200F3F4F6 /* RepoViewController.xib in Resources */ = {isa = PBXBuildFile; fileRef = B5ED8FA61691598200F3F4F6 /* RepoViewController.xib */; };
		B5ED8FAC169161FA00F3F4F6 /* StarredViewController.m in Sources */ = {isa = PBXBuildFile; fileRef = B5ED8FAA169161FA00F3F4F6 /* StarredViewController.m */; };
		B5ED8FAD169161FA00F3F4F6 /* StarredViewController.xib in Resources */ = {isa = PBXBuildFile; fileRef = B5ED8FAB169161FA00F3F4F6 /* StarredViewController.xib */; };
		B5ED8FB01691627C00F3F4F6 /* 28-star_w.png in Resources */ = {isa = PBXBuildFile; fileRef = B5ED8FAE1691627C00F3F4F6 /* 28-star_w.png */; };
		B5ED8FB11691627C00F3F4F6 /* 28-star_w@2x.png in Resources */ = {isa = PBXBuildFile; fileRef = B5ED8FAF1691627C00F3F4F6 /* 28-star_w@2x.png */; };
		B5F5C7041675742500C4F0E4 /* UIKit.framework in Frameworks */ = {isa = PBXBuildFile; fileRef = B5F5C7031675742500C4F0E4 /* UIKit.framework */; };
		B5F5C7061675742500C4F0E4 /* Foundation.framework in Frameworks */ = {isa = PBXBuildFile; fileRef = B5F5C7051675742500C4F0E4 /* Foundation.framework */; };
		B5F5C7081675742500C4F0E4 /* CoreGraphics.framework in Frameworks */ = {isa = PBXBuildFile; fileRef = B5F5C7071675742500C4F0E4 /* CoreGraphics.framework */; };
		B5F5C70A1675742500C4F0E4 /* CoreData.framework in Frameworks */ = {isa = PBXBuildFile; fileRef = B5F5C7091675742500C4F0E4 /* CoreData.framework */; };
		B5F5C7101675742500C4F0E4 /* InfoPlist.strings in Resources */ = {isa = PBXBuildFile; fileRef = B5F5C70E1675742500C4F0E4 /* InfoPlist.strings */; };
		B5F5C7121675742500C4F0E4 /* main.m in Sources */ = {isa = PBXBuildFile; fileRef = B5F5C7111675742500C4F0E4 /* main.m */; };
		B5F5C7161675742500C4F0E4 /* AppDelegate.m in Sources */ = {isa = PBXBuildFile; fileRef = B5F5C7151675742500C4F0E4 /* AppDelegate.m */; };
		B5F5C7181675742500C4F0E4 /* Default.png in Resources */ = {isa = PBXBuildFile; fileRef = B5F5C7171675742500C4F0E4 /* Default.png */; };
		B5F5C71A1675742500C4F0E4 /* Default@2x.png in Resources */ = {isa = PBXBuildFile; fileRef = B5F5C7191675742500C4F0E4 /* Default@2x.png */; };
		B5F5C71C1675742500C4F0E4 /* Default-568h@2x.png in Resources */ = {isa = PBXBuildFile; fileRef = B5F5C71B1675742500C4F0E4 /* Default-568h@2x.png */; };
		B5F5C71F1675742500C4F0E4 /* Gitos.xcdatamodeld in Sources */ = {isa = PBXBuildFile; fileRef = B5F5C71D1675742500C4F0E4 /* Gitos.xcdatamodeld */; };
		B5F5C7291675762200C4F0E4 /* HomeViewController.m in Sources */ = {isa = PBXBuildFile; fileRef = B5F5C7271675762200C4F0E4 /* HomeViewController.m */; };
		B5F5C72A1675762200C4F0E4 /* HomeViewController.xib in Resources */ = {isa = PBXBuildFile; fileRef = B5F5C7281675762200C4F0E4 /* HomeViewController.xib */; };
		B5F5C72D167576BC00C4F0E4 /* octocat_original.png in Resources */ = {isa = PBXBuildFile; fileRef = B5F5C72C167576BC00C4F0E4 /* octocat_original.png */; };
		B5F5C72F167577BA00C4F0E4 /* signin_btn.png in Resources */ = {isa = PBXBuildFile; fileRef = B5F5C72E167577BA00C4F0E4 /* signin_btn.png */; };
		B5F5C7311675780D00C4F0E4 /* blue_btn.png in Resources */ = {isa = PBXBuildFile; fileRef = B5F5C7301675780D00C4F0E4 /* blue_btn.png */; };
		B5F5C7341675797000C4F0E4 /* GithubAuthController.m in Sources */ = {isa = PBXBuildFile; fileRef = B5F5C7331675797000C4F0E4 /* GithubAuthController.m */; };
		B5F5C73E16757A6700C4F0E4 /* GithubAuthenticatorView.m in Sources */ = {isa = PBXBuildFile; fileRef = B5F5C73D16757A6700C4F0E4 /* GithubAuthenticatorView.m */; };
		B5F5C74216757C0800C4F0E4 /* NSDictionary+UrlEncoding.m in Sources */ = {isa = PBXBuildFile; fileRef = B5F5C74116757C0800C4F0E4 /* NSDictionary+UrlEncoding.m */; };
		B5F5C74616757C5D00C4F0E4 /* SizerView.m in Sources */ = {isa = PBXBuildFile; fileRef = B5F5C74516757C5D00C4F0E4 /* SizerView.m */; };
		B5F5C7521675A3B500C4F0E4 /* KeychainHelper.m in Sources */ = {isa = PBXBuildFile; fileRef = B5F5C7511675A3B500C4F0E4 /* KeychainHelper.m */; };
		B5F5C7551675A3EA00C4F0E4 /* KeychainItemWrapper.m in Sources */ = {isa = PBXBuildFile; fileRef = B5F5C7541675A3EA00C4F0E4 /* KeychainItemWrapper.m */; };
		B5F5C7571675A6CC00C4F0E4 /* AppConfig.plist in Resources */ = {isa = PBXBuildFile; fileRef = B5F5C7561675A6CC00C4F0E4 /* AppConfig.plist */; };
		B5F5C7641675A71D00C4F0E4 /* AppConfig.m in Sources */ = {isa = PBXBuildFile; fileRef = B5F5C7631675A71C00C4F0E4 /* AppConfig.m */; };
		B5F5C7661675A7A100C4F0E4 /* Security.framework in Frameworks */ = {isa = PBXBuildFile; fileRef = B5F5C7651675A7A100C4F0E4 /* Security.framework */; };
		B5F5C76A1675B43300C4F0E4 /* LoginViewController.m in Sources */ = {isa = PBXBuildFile; fileRef = B5F5C7681675B43300C4F0E4 /* LoginViewController.m */; };
		B5F5C76B1675B43300C4F0E4 /* LoginViewController.xib in Resources */ = {isa = PBXBuildFile; fileRef = B5F5C7691675B43300C4F0E4 /* LoginViewController.xib */; };
		B5F5C7CD167D9B7E00C4F0E4 /* URLParser.m in Sources */ = {isa = PBXBuildFile; fileRef = B5F5C7CC167D9B7E00C4F0E4 /* URLParser.m */; };
		B5F5C7D3167DABF700C4F0E4 /* SSKeychain.m in Sources */ = {isa = PBXBuildFile; fileRef = B5F5C7D2167DABF700C4F0E4 /* SSKeychain.m */; };
		B5F5C7D7167DB85200C4F0E4 /* NewsfeedViewController.m in Sources */ = {isa = PBXBuildFile; fileRef = B5F5C7D5167DB85200C4F0E4 /* NewsfeedViewController.m */; };
		B5F5C7D8167DB85200C4F0E4 /* NewsfeedViewController.xib in Resources */ = {isa = PBXBuildFile; fileRef = B5F5C7D6167DB85200C4F0E4 /* NewsfeedViewController.xib */; };
		B5F5C7DC167DBAE400C4F0E4 /* ReposViewController.m in Sources */ = {isa = PBXBuildFile; fileRef = B5F5C7DA167DBAE300C4F0E4 /* ReposViewController.m */; };
		B5F5C7DD167DBAE400C4F0E4 /* ReposViewController.xib in Resources */ = {isa = PBXBuildFile; fileRef = B5F5C7DB167DBAE300C4F0E4 /* ReposViewController.xib */; };
		B5F5C7E1167E528E00C4F0E4 /* GistsViewController.m in Sources */ = {isa = PBXBuildFile; fileRef = B5F5C7DF167E528E00C4F0E4 /* GistsViewController.m */; };
		B5F5C7E2167E528E00C4F0E4 /* GistsViewController.xib in Resources */ = {isa = PBXBuildFile; fileRef = B5F5C7E0167E528E00C4F0E4 /* GistsViewController.xib */; };
		B5F5C7EA167E54A700C4F0E4 /* DashboardViewController.m in Sources */ = {isa = PBXBuildFile; fileRef = B5F5C7E8167E54A700C4F0E4 /* DashboardViewController.m */; };
		B5F5C7EB167E54A700C4F0E4 /* DashboardViewController.xib in Resources */ = {isa = PBXBuildFile; fileRef = B5F5C7E9167E54A700C4F0E4 /* DashboardViewController.xib */; };
/* End PBXBuildFile section */

/* Begin PBXFileReference section */
		B501128916A1459900044C85 /* AFOAuth2Client.h */ = {isa = PBXFileReference; fileEncoding = 4; lastKnownFileType = sourcecode.c.h; path = AFOAuth2Client.h; sourceTree = "<group>"; };
		B501128A16A1459900044C85 /* AFOAuth2Client.m */ = {isa = PBXFileReference; fileEncoding = 4; lastKnownFileType = sourcecode.c.objc; path = AFOAuth2Client.m; sourceTree = "<group>"; };
		B501128D16A2183700044C85 /* NewsfeedDetailsViewController.h */ = {isa = PBXFileReference; fileEncoding = 4; lastKnownFileType = sourcecode.c.h; path = NewsfeedDetailsViewController.h; sourceTree = "<group>"; };
		B501128E16A2183700044C85 /* NewsfeedDetailsViewController.m */ = {isa = PBXFileReference; fileEncoding = 4; lastKnownFileType = sourcecode.c.objc; path = NewsfeedDetailsViewController.m; sourceTree = "<group>"; };
		B501128F16A2183700044C85 /* NewsfeedDetailsViewController.xib */ = {isa = PBXFileReference; fileEncoding = 4; lastKnownFileType = file.xib; path = NewsfeedDetailsViewController.xib; sourceTree = "<group>"; };
		B501129216A2190300044C85 /* TimelineEvent.h */ = {isa = PBXFileReference; fileEncoding = 4; lastKnownFileType = sourcecode.c.h; path = TimelineEvent.h; sourceTree = "<group>"; };
		B501129316A2190300044C85 /* TimelineEvent.m */ = {isa = PBXFileReference; fileEncoding = 4; lastKnownFileType = sourcecode.c.objc; path = TimelineEvent.m; sourceTree = "<group>"; };
		B55514B116A33C89004D5713 /* barButton.png */ = {isa = PBXFileReference; lastKnownFileType = image.png; path = barButton.png; sourceTree = "<group>"; };
		B55514B216A33C89004D5713 /* barButton@2x.png */ = {isa = PBXFileReference; lastKnownFileType = image.png; path = "barButton@2x.png"; sourceTree = "<group>"; };
		B55514B316A33C89004D5713 /* barButtonBack.png */ = {isa = PBXFileReference; lastKnownFileType = image.png; path = barButtonBack.png; sourceTree = "<group>"; };
		B55514B416A33C89004D5713 /* barButtonBack@2x.png */ = {isa = PBXFileReference; lastKnownFileType = image.png; path = "barButtonBack@2x.png"; sourceTree = "<group>"; };
		B55514B516A33C89004D5713 /* barButtonBackDisabled.png */ = {isa = PBXFileReference; lastKnownFileType = image.png; path = barButtonBackDisabled.png; sourceTree = "<group>"; };
		B55514B616A33C89004D5713 /* barButtonBackDisabled@2x.png */ = {isa = PBXFileReference; lastKnownFileType = image.png; path = "barButtonBackDisabled@2x.png"; sourceTree = "<group>"; };
		B55514B716A33C89004D5713 /* barButtonBackPressed.png */ = {isa = PBXFileReference; lastKnownFileType = image.png; path = barButtonBackPressed.png; sourceTree = "<group>"; };
		B55514B816A33C89004D5713 /* barButtonBackPressed@2x.png */ = {isa = PBXFileReference; lastKnownFileType = image.png; path = "barButtonBackPressed@2x.png"; sourceTree = "<group>"; };
		B55514B916A33C89004D5713 /* barButtonDisabled.png */ = {isa = PBXFileReference; lastKnownFileType = image.png; path = barButtonDisabled.png; sourceTree = "<group>"; };
		B55514BA16A33C89004D5713 /* barButtonDisabled@2x.png */ = {isa = PBXFileReference; lastKnownFileType = image.png; path = "barButtonDisabled@2x.png"; sourceTree = "<group>"; };
		B55514BB16A33C89004D5713 /* barButtonPressed.png */ = {isa = PBXFileReference; lastKnownFileType = image.png; path = barButtonPressed.png; sourceTree = "<group>"; };
		B55514BC16A33C89004D5713 /* barButtonPressed@2x.png */ = {isa = PBXFileReference; lastKnownFileType = image.png; path = "barButtonPressed@2x.png"; sourceTree = "<group>"; };
		B55514BE16A33C89004D5713 /* barButton.idraw */ = {isa = PBXFileReference; lastKnownFileType = file; path = barButton.idraw; sourceTree = "<group>"; };
		B55514BF16A33C89004D5713 /* barButton.svg */ = {isa = PBXFileReference; fileEncoding = 4; lastKnownFileType = text.xml; path = barButton.svg; sourceTree = "<group>"; };
		B55514C016A33C89004D5713 /* barButtonBack.idraw */ = {isa = PBXFileReference; lastKnownFileType = file; path = barButtonBack.idraw; sourceTree = "<group>"; };
		B55514C116A33C89004D5713 /* barButtonBack.svg */ = {isa = PBXFileReference; fileEncoding = 4; lastKnownFileType = text.xml; path = barButtonBack.svg; sourceTree = "<group>"; };
		B55514C216A33C89004D5713 /* barButtonBackDisabled.idraw */ = {isa = PBXFileReference; lastKnownFileType = file; path = barButtonBackDisabled.idraw; sourceTree = "<group>"; };
		B55514C316A33C89004D5713 /* barButtonBackDisabled.svg */ = {isa = PBXFileReference; fileEncoding = 4; lastKnownFileType = text.xml; path = barButtonBackDisabled.svg; sourceTree = "<group>"; };
		B55514C416A33C89004D5713 /* barButtonBackPressed.idraw */ = {isa = PBXFileReference; lastKnownFileType = file; path = barButtonBackPressed.idraw; sourceTree = "<group>"; };
		B55514C516A33C89004D5713 /* barButtonBackPressed.svg */ = {isa = PBXFileReference; fileEncoding = 4; lastKnownFileType = text.xml; path = barButtonBackPressed.svg; sourceTree = "<group>"; };
		B55514C616A33C89004D5713 /* barButtonDisabled.idraw */ = {isa = PBXFileReference; lastKnownFileType = file; path = barButtonDisabled.idraw; sourceTree = "<group>"; };
		B55514C716A33C89004D5713 /* barButtonDisabled.svg */ = {isa = PBXFileReference; fileEncoding = 4; lastKnownFileType = text.xml; path = barButtonDisabled.svg; sourceTree = "<group>"; };
		B55514C816A33C89004D5713 /* barButtonPressed.idraw */ = {isa = PBXFileReference; lastKnownFileType = file; path = barButtonPressed.idraw; sourceTree = "<group>"; };
		B55514C916A33C89004D5713 /* barButtonPressed.svg */ = {isa = PBXFileReference; fileEncoding = 4; lastKnownFileType = text.xml; path = barButtonPressed.svg; sourceTree = "<group>"; };
		B55514EE16A3CD90004D5713 /* glyphicons_081_refresh.png */ = {isa = PBXFileReference; lastKnownFileType = image.png; path = glyphicons_081_refresh.png; sourceTree = "<group>"; };
		B55514EF16A3CD90004D5713 /* glyphicons_081_refresh@2x.png */ = {isa = PBXFileReference; lastKnownFileType = image.png; path = "glyphicons_081_refresh@2x.png"; sourceTree = "<group>"; };
		B55514F216A3CE6D004D5713 /* glyphicons_081_refresh.png */ = {isa = PBXFileReference; lastKnownFileType = image.png; path = glyphicons_081_refresh.png; sourceTree = "<group>"; };
		B55514F316A3CE6D004D5713 /* glyphicons_081_refresh@2x.png */ = {isa = PBXFileReference; lastKnownFileType = image.png; path = "glyphicons_081_refresh@2x.png"; sourceTree = "<group>"; };
		B55514F616A3CEA9004D5713 /* glyphicons_081_refresh.png */ = {isa = PBXFileReference; lastKnownFileType = image.png; path = glyphicons_081_refresh.png; sourceTree = "<group>"; };
		B55514F716A3CEA9004D5713 /* glyphicons_081_refresh@2x.png */ = {isa = PBXFileReference; lastKnownFileType = image.png; path = "glyphicons_081_refresh@2x.png"; sourceTree = "<group>"; };
		B55514FA16A3CEC7004D5713 /* glyphicons_081_refresh.png */ = {isa = PBXFileReference; lastKnownFileType = image.png; path = glyphicons_081_refresh.png; sourceTree = "<group>"; };
		B55514FB16A3CEC7004D5713 /* glyphicons_081_refresh@2x.png */ = {isa = PBXFileReference; lastKnownFileType = image.png; path = "glyphicons_081_refresh@2x.png"; sourceTree = "<group>"; };
		B55514FE16A3CEE8004D5713 /* glyphicons_081_refresh.png */ = {isa = PBXFileReference; lastKnownFileType = image.png; path = glyphicons_081_refresh.png; sourceTree = "<group>"; };
		B55514FF16A3CEE8004D5713 /* glyphicons_081_refresh@2x.png */ = {isa = PBXFileReference; lastKnownFileType = image.png; path = "glyphicons_081_refresh@2x.png"; sourceTree = "<group>"; };
		B5ACFE831698026F008E56C1 /* header_bg.png */ = {isa = PBXFileReference; lastKnownFileType = image.png; path = header_bg.png; sourceTree = "<group>"; };
		B5ACFE8516980886008E56C1 /* tabbar_bg.png */ = {isa = PBXFileReference; lastKnownFileType = image.png; path = tabbar_bg.png; sourceTree = "<group>"; };
		B5ACFE8D1698B80F008E56C1 /* Icon.png */ = {isa = PBXFileReference; lastKnownFileType = image.png; path = Icon.png; sourceTree = "<group>"; };
		B5ACFE8F1698B81A008E56C1 /* icon@2x_et.png */ = {isa = PBXFileReference; lastKnownFileType = image.png; path = "icon@2x_et.png"; sourceTree = "<group>"; };
		B5CB3C74168267AF00566E19 /* NewsFeedCell.h */ = {isa = PBXFileReference; fileEncoding = 4; lastKnownFileType = sourcecode.c.h; path = NewsFeedCell.h; sourceTree = "<group>"; };
		B5CB3C75168267AF00566E19 /* NewsFeedCell.m */ = {isa = PBXFileReference; fileEncoding = 4; lastKnownFileType = sourcecode.c.objc; path = NewsFeedCell.m; sourceTree = "<group>"; };
		B5CB3C77168267BF00566E19 /* NewsFeed.xib */ = {isa = PBXFileReference; fileEncoding = 4; lastKnownFileType = file.xib; path = NewsFeed.xib; sourceTree = "<group>"; };
		B5CB3C7916827CE000566E19 /* news_icon.png */ = {isa = PBXFileReference; lastKnownFileType = image.png; path = news_icon.png; sourceTree = "<group>"; };
		B5CB3C7F16827E1B00566E19 /* news_icon.png */ = {isa = PBXFileReference; lastKnownFileType = image.png; path = news_icon.png; sourceTree = "<group>"; };
		B5CB3C8116827FFB00566E19 /* news_icon.png */ = {isa = PBXFileReference; lastKnownFileType = image.png; path = news_icon.png; sourceTree = "<group>"; };
		B5CB3C831682805B00566E19 /* repos_icon.png */ = {isa = PBXFileReference; lastKnownFileType = image.png; path = repos_icon.png; sourceTree = "<group>"; };
		B5CB3C85168280D900566E19 /* gists_icon.png */ = {isa = PBXFileReference; lastKnownFileType = image.png; path = gists_icon.png; sourceTree = "<group>"; };
		B5CB3C871682870800566E19 /* tabbar_bg.png */ = {isa = PBXFileReference; lastKnownFileType = image.png; path = tabbar_bg.png; sourceTree = "<group>"; };
		B5CB3C8D168289C300566E19 /* tabbar_bg.png */ = {isa = PBXFileReference; lastKnownFileType = image.png; path = tabbar_bg.png; sourceTree = "<group>"; };
		B5CB3C8F16828A0B00566E19 /* tabbar_bg.png */ = {isa = PBXFileReference; lastKnownFileType = image.png; path = tabbar_bg.png; sourceTree = "<group>"; };
		B5CB3C9116828BFB00566E19 /* header_bg.png */ = {isa = PBXFileReference; lastKnownFileType = image.png; path = header_bg.png; sourceTree = "<group>"; };
		B5CB3C9316828E2200566E19 /* SpinnerView.h */ = {isa = PBXFileReference; fileEncoding = 4; lastKnownFileType = sourcecode.c.h; path = SpinnerView.h; sourceTree = "<group>"; };
		B5CB3C9416828E2200566E19 /* SpinnerView.m */ = {isa = PBXFileReference; fileEncoding = 4; lastKnownFileType = sourcecode.c.objc; path = SpinnerView.m; sourceTree = "<group>"; };
		B5CB3C9616828FBE00566E19 /* ProfileViewController.h */ = {isa = PBXFileReference; fileEncoding = 4; lastKnownFileType = sourcecode.c.h; path = ProfileViewController.h; sourceTree = "<group>"; };
		B5CB3C9716828FBE00566E19 /* ProfileViewController.m */ = {isa = PBXFileReference; fileEncoding = 4; lastKnownFileType = sourcecode.c.objc; path = ProfileViewController.m; sourceTree = "<group>"; };
		B5CB3C9816828FBE00566E19 /* ProfileViewController.xib */ = {isa = PBXFileReference; fileEncoding = 4; lastKnownFileType = file.xib; path = ProfileViewController.xib; sourceTree = "<group>"; };
		B5CB3C9B1682908800566E19 /* profile_icon.png */ = {isa = PBXFileReference; lastKnownFileType = image.png; path = profile_icon.png; sourceTree = "<group>"; };
		B5CB3C9D168291C200566E19 /* profile_icon.png */ = {isa = PBXFileReference; lastKnownFileType = image.png; path = profile_icon.png; sourceTree = "<group>"; };
		B5CB3C9F1682D0B000566E19 /* location_icon.png */ = {isa = PBXFileReference; lastKnownFileType = image.png; path = location_icon.png; sourceTree = "<group>"; };
		B5CB3CA11682D27C00566E19 /* link_icon.png */ = {isa = PBXFileReference; lastKnownFileType = image.png; path = link_icon.png; sourceTree = "<group>"; };
		B5CB3CA31682D61400566E19 /* email_icon.png */ = {isa = PBXFileReference; lastKnownFileType = image.png; path = email_icon.png; sourceTree = "<group>"; };
		B5CB3CA41682D61400566E19 /* link_icon.png */ = {isa = PBXFileReference; lastKnownFileType = image.png; path = link_icon.png; sourceTree = "<group>"; };
		B5CB3CA51682D61400566E19 /* location_icon.png */ = {isa = PBXFileReference; lastKnownFileType = image.png; path = location_icon.png; sourceTree = "<group>"; };
		B5CB3CA91682D66F00566E19 /* email_icon.png */ = {isa = PBXFileReference; lastKnownFileType = image.png; path = email_icon.png; sourceTree = "<group>"; };
		B5CB3CAB1682D6A700566E19 /* ProfileCell.h */ = {isa = PBXFileReference; fileEncoding = 4; lastKnownFileType = sourcecode.c.h; path = ProfileCell.h; sourceTree = "<group>"; };
		B5CB3CAC1682D6A700566E19 /* ProfileCell.m */ = {isa = PBXFileReference; fileEncoding = 4; lastKnownFileType = sourcecode.c.objc; path = ProfileCell.m; sourceTree = "<group>"; };
		B5CB3CAE1682D6BE00566E19 /* ProfileCell.xib */ = {isa = PBXFileReference; fileEncoding = 4; lastKnownFileType = file.xib; path = ProfileCell.xib; sourceTree = "<group>"; };
		B5CB3CB01682DC5D00566E19 /* followers_icon.png */ = {isa = PBXFileReference; lastKnownFileType = image.png; path = followers_icon.png; sourceTree = "<group>"; };
		B5CB3CBA1682E42100566E19 /* company_icon.png */ = {isa = PBXFileReference; lastKnownFileType = image.png; path = company_icon.png; sourceTree = "<group>"; };
		B5CB3CBD1682E53700566E19 /* link_icon.png */ = {isa = PBXFileReference; lastKnownFileType = image.png; path = link_icon.png; sourceTree = "<group>"; };
		B5CC18FF16822847000D32B3 /* User.h */ = {isa = PBXFileReference; fileEncoding = 4; lastKnownFileType = sourcecode.c.h; path = User.h; sourceTree = "<group>"; };
		B5CC190016822847000D32B3 /* User.m */ = {isa = PBXFileReference; fileEncoding = 4; lastKnownFileType = sourcecode.c.objc; path = User.m; sourceTree = "<group>"; };
		B5CC1904168229AE000D32B3 /* AFHTTPClient.h */ = {isa = PBXFileReference; fileEncoding = 4; lastKnownFileType = sourcecode.c.h; path = AFHTTPClient.h; sourceTree = "<group>"; };
		B5CC1905168229AE000D32B3 /* AFHTTPClient.m */ = {isa = PBXFileReference; fileEncoding = 4; lastKnownFileType = sourcecode.c.objc; path = AFHTTPClient.m; sourceTree = "<group>"; };
		B5CC1906168229AE000D32B3 /* AFHTTPRequestOperation.h */ = {isa = PBXFileReference; fileEncoding = 4; lastKnownFileType = sourcecode.c.h; path = AFHTTPRequestOperation.h; sourceTree = "<group>"; };
		B5CC1907168229AE000D32B3 /* AFHTTPRequestOperation.m */ = {isa = PBXFileReference; fileEncoding = 4; lastKnownFileType = sourcecode.c.objc; path = AFHTTPRequestOperation.m; sourceTree = "<group>"; };
		B5CC1908168229AE000D32B3 /* AFImageRequestOperation.h */ = {isa = PBXFileReference; fileEncoding = 4; lastKnownFileType = sourcecode.c.h; path = AFImageRequestOperation.h; sourceTree = "<group>"; };
		B5CC1909168229AE000D32B3 /* AFImageRequestOperation.m */ = {isa = PBXFileReference; fileEncoding = 4; lastKnownFileType = sourcecode.c.objc; path = AFImageRequestOperation.m; sourceTree = "<group>"; };
		B5CC190A168229AE000D32B3 /* AFJSONRequestOperation.h */ = {isa = PBXFileReference; fileEncoding = 4; lastKnownFileType = sourcecode.c.h; path = AFJSONRequestOperation.h; sourceTree = "<group>"; };
		B5CC190B168229AE000D32B3 /* AFJSONRequestOperation.m */ = {isa = PBXFileReference; fileEncoding = 4; lastKnownFileType = sourcecode.c.objc; path = AFJSONRequestOperation.m; sourceTree = "<group>"; };
		B5CC190C168229AE000D32B3 /* AFJSONUtilities.h */ = {isa = PBXFileReference; fileEncoding = 4; lastKnownFileType = sourcecode.c.h; path = AFJSONUtilities.h; sourceTree = "<group>"; };
		B5CC190D168229AE000D32B3 /* AFJSONUtilities.m */ = {isa = PBXFileReference; fileEncoding = 4; lastKnownFileType = sourcecode.c.objc; path = AFJSONUtilities.m; sourceTree = "<group>"; };
		B5CC190E168229AE000D32B3 /* AFNetworkActivityIndicatorManager.h */ = {isa = PBXFileReference; fileEncoding = 4; lastKnownFileType = sourcecode.c.h; path = AFNetworkActivityIndicatorManager.h; sourceTree = "<group>"; };
		B5CC190F168229AE000D32B3 /* AFNetworkActivityIndicatorManager.m */ = {isa = PBXFileReference; fileEncoding = 4; lastKnownFileType = sourcecode.c.objc; path = AFNetworkActivityIndicatorManager.m; sourceTree = "<group>"; };
		B5CC1910168229AE000D32B3 /* AFNetworking.h */ = {isa = PBXFileReference; fileEncoding = 4; lastKnownFileType = sourcecode.c.h; path = AFNetworking.h; sourceTree = "<group>"; };
		B5CC1911168229AE000D32B3 /* AFPropertyListRequestOperation.h */ = {isa = PBXFileReference; fileEncoding = 4; lastKnownFileType = sourcecode.c.h; path = AFPropertyListRequestOperation.h; sourceTree = "<group>"; };
		B5CC1912168229AE000D32B3 /* AFPropertyListRequestOperation.m */ = {isa = PBXFileReference; fileEncoding = 4; lastKnownFileType = sourcecode.c.objc; path = AFPropertyListRequestOperation.m; sourceTree = "<group>"; };
		B5CC1913168229AE000D32B3 /* AFURLConnectionOperation.h */ = {isa = PBXFileReference; fileEncoding = 4; lastKnownFileType = sourcecode.c.h; path = AFURLConnectionOperation.h; sourceTree = "<group>"; };
		B5CC1914168229AE000D32B3 /* AFURLConnectionOperation.m */ = {isa = PBXFileReference; fileEncoding = 4; lastKnownFileType = sourcecode.c.objc; path = AFURLConnectionOperation.m; sourceTree = "<group>"; };
		B5CC1915168229AE000D32B3 /* AFXMLRequestOperation.h */ = {isa = PBXFileReference; fileEncoding = 4; lastKnownFileType = sourcecode.c.h; path = AFXMLRequestOperation.h; sourceTree = "<group>"; };
		B5CC1916168229AE000D32B3 /* AFXMLRequestOperation.m */ = {isa = PBXFileReference; fileEncoding = 4; lastKnownFileType = sourcecode.c.objc; path = AFXMLRequestOperation.m; sourceTree = "<group>"; };
		B5CC1917168229AE000D32B3 /* UIImageView+AFNetworking.h */ = {isa = PBXFileReference; fileEncoding = 4; lastKnownFileType = sourcecode.c.h; path = "UIImageView+AFNetworking.h"; sourceTree = "<group>"; };
		B5CC1918168229AE000D32B3 /* UIImageView+AFNetworking.m */ = {isa = PBXFileReference; fileEncoding = 4; lastKnownFileType = sourcecode.c.objc; path = "UIImageView+AFNetworking.m"; sourceTree = "<group>"; };
		B5DF89E4169FD60800114862 /* AppInitialization.h */ = {isa = PBXFileReference; fileEncoding = 4; lastKnownFileType = sourcecode.c.h; path = AppInitialization.h; sourceTree = "<group>"; };
		B5DF89E5169FD60800114862 /* AppInitialization.m */ = {isa = PBXFileReference; fileEncoding = 4; lastKnownFileType = sourcecode.c.objc; path = AppInitialization.m; sourceTree = "<group>"; };
		B5DF89ED169FFFC200114862 /* SVPullToRefresh.h */ = {isa = PBXFileReference; fileEncoding = 4; lastKnownFileType = sourcecode.c.h; path = SVPullToRefresh.h; sourceTree = "<group>"; };
		B5DF89EE169FFFC200114862 /* SVPullToRefresh.m */ = {isa = PBXFileReference; fileEncoding = 4; lastKnownFileType = sourcecode.c.objc; path = SVPullToRefresh.m; sourceTree = "<group>"; };
		B5DF89F016A000C200114862 /* QuartzCore.framework */ = {isa = PBXFileReference; lastKnownFileType = wrapper.framework; name = QuartzCore.framework; path = System/Library/Frameworks/QuartzCore.framework; sourceTree = SDKROOT; };
		B5E2CA8F169A79C70004E9A7 /* RelativeDateDescriptor.h */ = {isa = PBXFileReference; fileEncoding = 4; lastKnownFileType = sourcecode.c.h; path = RelativeDateDescriptor.h; sourceTree = "<group>"; };
		B5E2CA90169A79C70004E9A7 /* RelativeDateDescriptor.m */ = {isa = PBXFileReference; fileEncoding = 4; lastKnownFileType = sourcecode.c.objc; path = RelativeDateDescriptor.m; sourceTree = "<group>"; };
		B5E2CA97169A99C30004E9A7 /* GistCell.h */ = {isa = PBXFileReference; fileEncoding = 4; lastKnownFileType = sourcecode.c.h; path = GistCell.h; sourceTree = "<group>"; };
		B5E2CA98169A99C30004E9A7 /* GistCell.m */ = {isa = PBXFileReference; fileEncoding = 4; lastKnownFileType = sourcecode.c.objc; path = GistCell.m; sourceTree = "<group>"; };
		B5E2CA9A169A9AFE0004E9A7 /* GistCell.xib */ = {isa = PBXFileReference; fileEncoding = 4; lastKnownFileType = file.xib; path = GistCell.xib; sourceTree = "<group>"; };
		B5E2CAA4169C05EF0004E9A7 /* OthersViewController.h */ = {isa = PBXFileReference; fileEncoding = 4; lastKnownFileType = sourcecode.c.h; path = OthersViewController.h; sourceTree = "<group>"; };
		B5E2CAA5169C05EF0004E9A7 /* OthersViewController.m */ = {isa = PBXFileReference; fileEncoding = 4; lastKnownFileType = sourcecode.c.objc; path = OthersViewController.m; sourceTree = "<group>"; };
		B5E2CAA6169C05EF0004E9A7 /* OthersViewController.xib */ = {isa = PBXFileReference; fileEncoding = 4; lastKnownFileType = file.xib; path = OthersViewController.xib; sourceTree = "<group>"; };
		B5E2CAAA169C074C0004E9A7 /* 259-list.png */ = {isa = PBXFileReference; lastKnownFileType = image.png; path = "259-list.png"; sourceTree = "<group>"; };
		B5E2CAAB169C074C0004E9A7 /* 259-list@2x.png */ = {isa = PBXFileReference; lastKnownFileType = image.png; path = "259-list@2x.png"; sourceTree = "<group>"; };
		B5E2CAAE169C09800004E9A7 /* 256-box2.png */ = {isa = PBXFileReference; lastKnownFileType = image.png; path = "256-box2.png"; sourceTree = "<group>"; };
		B5E2CAAF169C09800004E9A7 /* 256-box2@2x.png */ = {isa = PBXFileReference; lastKnownFileType = image.png; path = "256-box2@2x.png"; sourceTree = "<group>"; };
		B5ED8F371684313C00F3F4F6 /* news_icon.png */ = {isa = PBXFileReference; lastKnownFileType = image.png; path = news_icon.png; sourceTree = "<group>"; };
		B5ED8F381684313C00F3F4F6 /* newsfeed_icon_selected.png */ = {isa = PBXFileReference; lastKnownFileType = image.png; path = newsfeed_icon_selected.png; sourceTree = "<group>"; };
		B5ED8F3C1684324E00F3F4F6 /* repos_icon.png */ = {isa = PBXFileReference; lastKnownFileType = image.png; path = repos_icon.png; sourceTree = "<group>"; };
		B5ED8F3E1684327900F3F4F6 /* newsfeed_icon.png */ = {isa = PBXFileReference; lastKnownFileType = image.png; path = newsfeed_icon.png; sourceTree = "<group>"; };
		B5ED8F40168432CD00F3F4F6 /* repos_icon.png */ = {isa = PBXFileReference; lastKnownFileType = image.png; path = repos_icon.png; sourceTree = "<group>"; };
		B5ED8F421684335500F3F4F6 /* gists_icon.png */ = {isa = PBXFileReference; lastKnownFileType = image.png; path = gists_icon.png; sourceTree = "<group>"; };
		B5ED8F431684335500F3F4F6 /* newsfeed_icon.png */ = {isa = PBXFileReference; lastKnownFileType = image.png; path = newsfeed_icon.png; sourceTree = "<group>"; };
		B5ED8F441684335500F3F4F6 /* repos_icon.png */ = {isa = PBXFileReference; lastKnownFileType = image.png; path = repos_icon.png; sourceTree = "<group>"; };
		B5ED8F48168433AB00F3F4F6 /* repos_icon.png */ = {isa = PBXFileReference; lastKnownFileType = image.png; path = repos_icon.png; sourceTree = "<group>"; };
		B5ED8F4A1684346500F3F4F6 /* gists_icon.png */ = {isa = PBXFileReference; lastKnownFileType = image.png; path = gists_icon.png; sourceTree = "<group>"; };
		B5ED8F4B1684346500F3F4F6 /* newsfeed_icon.png */ = {isa = PBXFileReference; lastKnownFileType = image.png; path = newsfeed_icon.png; sourceTree = "<group>"; };
		B5ED8F4C1684346500F3F4F6 /* profile_icon.png */ = {isa = PBXFileReference; lastKnownFileType = image.png; path = profile_icon.png; sourceTree = "<group>"; };
		B5ED8F4D1684346500F3F4F6 /* repos_icon.png */ = {isa = PBXFileReference; lastKnownFileType = image.png; path = repos_icon.png; sourceTree = "<group>"; };
		B5ED8F521684374F00F3F4F6 /* 275-broadcast.png */ = {isa = PBXFileReference; lastKnownFileType = image.png; path = "275-broadcast.png"; sourceTree = "<group>"; };
		B5ED8F531684374F00F3F4F6 /* 275-broadcast@2x.png */ = {isa = PBXFileReference; lastKnownFileType = image.png; path = "275-broadcast@2x.png"; sourceTree = "<group>"; };
		B5ED8F6A168438A100F3F4F6 /* 253-person.png */ = {isa = PBXFileReference; lastKnownFileType = image.png; path = "253-person.png"; sourceTree = "<group>"; };
		B5ED8F6B168438A100F3F4F6 /* 253-person@2x.png */ = {isa = PBXFileReference; lastKnownFileType = image.png; path = "253-person@2x.png"; sourceTree = "<group>"; };
		B5ED8F6E168438E800F3F4F6 /* 33-cabinet.png */ = {isa = PBXFileReference; lastKnownFileType = image.png; path = "33-cabinet.png"; sourceTree = "<group>"; };
		B5ED8F6F168438E800F3F4F6 /* 33-cabinet@2x.png */ = {isa = PBXFileReference; lastKnownFileType = image.png; path = "33-cabinet@2x.png"; sourceTree = "<group>"; };
		B5ED8F721684393300F3F4F6 /* 179-notepad.png */ = {isa = PBXFileReference; lastKnownFileType = image.png; path = "179-notepad.png"; sourceTree = "<group>"; };
		B5ED8F731684393300F3F4F6 /* 179-notepad@2x.png */ = {isa = PBXFileReference; lastKnownFileType = image.png; path = "179-notepad@2x.png"; sourceTree = "<group>"; };
		B5ED8F761684397E00F3F4F6 /* 07-map-marker.png */ = {isa = PBXFileReference; lastKnownFileType = image.png; path = "07-map-marker.png"; sourceTree = "<group>"; };
		B5ED8F771684397E00F3F4F6 /* 07-map-marker@2x.png */ = {isa = PBXFileReference; lastKnownFileType = image.png; path = "07-map-marker@2x.png"; sourceTree = "<group>"; };
		B5ED8F7A16843EF000F3F4F6 /* 71-compass.png */ = {isa = PBXFileReference; lastKnownFileType = image.png; path = "71-compass.png"; sourceTree = "<group>"; };
		B5ED8F7B16843EF000F3F4F6 /* 71-compass@2x.png */ = {isa = PBXFileReference; lastKnownFileType = image.png; path = "71-compass@2x.png"; sourceTree = "<group>"; };
		B5ED8F821684413300F3F4F6 /* 287-at.png */ = {isa = PBXFileReference; lastKnownFileType = image.png; path = "287-at.png"; sourceTree = "<group>"; };
		B5ED8F831684413300F3F4F6 /* 287-at@2x.png */ = {isa = PBXFileReference; lastKnownFileType = image.png; path = "287-at@2x.png"; sourceTree = "<group>"; };
		B5ED8F861684419A00F3F4F6 /* 37-suitcase.png */ = {isa = PBXFileReference; lastKnownFileType = image.png; path = "37-suitcase.png"; sourceTree = "<group>"; };
		B5ED8F871684419A00F3F4F6 /* 37-suitcase@2x.png */ = {isa = PBXFileReference; lastKnownFileType = image.png; path = "37-suitcase@2x.png"; sourceTree = "<group>"; };
		B5ED8F8A1684422200F3F4F6 /* 112-group.png */ = {isa = PBXFileReference; lastKnownFileType = image.png; path = "112-group.png"; sourceTree = "<group>"; };
		B5ED8F8B1684422200F3F4F6 /* 112-group@2x.png */ = {isa = PBXFileReference; lastKnownFileType = image.png; path = "112-group@2x.png"; sourceTree = "<group>"; };
		B5ED8F8E1686EEBD00F3F4F6 /* RepoCell.h */ = {isa = PBXFileReference; fileEncoding = 4; lastKnownFileType = sourcecode.c.h; path = RepoCell.h; sourceTree = "<group>"; };
		B5ED8F8F1686EEBD00F3F4F6 /* RepoCell.m */ = {isa = PBXFileReference; fileEncoding = 4; lastKnownFileType = sourcecode.c.objc; path = RepoCell.m; sourceTree = "<group>"; };
		B5ED8F911686EECD00F3F4F6 /* RepoCell.xib */ = {isa = PBXFileReference; fileEncoding = 4; lastKnownFileType = file.xib; path = RepoCell.xib; sourceTree = "<group>"; };
		B5ED8F931686F17F00F3F4F6 /* 255-box.png */ = {isa = PBXFileReference; lastKnownFileType = image.png; path = "255-box.png"; sourceTree = "<group>"; };
		B5ED8F941686F17F00F3F4F6 /* 255-box@2x.png */ = {isa = PBXFileReference; lastKnownFileType = image.png; path = "255-box@2x.png"; sourceTree = "<group>"; };
		B5ED8F9B168D639100F3F4F6 /* 12-eye.png */ = {isa = PBXFileReference; lastKnownFileType = image.png; path = "12-eye.png"; sourceTree = "<group>"; };
		B5ED8F9C168D639100F3F4F6 /* 12-eye@2x.png */ = {isa = PBXFileReference; lastKnownFileType = image.png; path = "12-eye@2x.png"; sourceTree = "<group>"; };
		B5ED8FA0168D64E800F3F4F6 /* 28-star.png */ = {isa = PBXFileReference; lastKnownFileType = image.png; path = "28-star.png"; sourceTree = "<group>"; };
		B5ED8FA1168D64E800F3F4F6 /* 28-star@2x.png */ = {isa = PBXFileReference; lastKnownFileType = image.png; path = "28-star@2x.png"; sourceTree = "<group>"; };
		B5ED8FA41691598200F3F4F6 /* RepoViewController.h */ = {isa = PBXFileReference; fileEncoding = 4; lastKnownFileType = sourcecode.c.h; path = RepoViewController.h; sourceTree = "<group>"; };
		B5ED8FA51691598200F3F4F6 /* RepoViewController.m */ = {isa = PBXFileReference; fileEncoding = 4; lastKnownFileType = sourcecode.c.objc; path = RepoViewController.m; sourceTree = "<group>"; };
		B5ED8FA61691598200F3F4F6 /* RepoViewController.xib */ = {isa = PBXFileReference; fileEncoding = 4; lastKnownFileType = file.xib; path = RepoViewController.xib; sourceTree = "<group>"; };
		B5ED8FA9169161FA00F3F4F6 /* StarredViewController.h */ = {isa = PBXFileReference; fileEncoding = 4; lastKnownFileType = sourcecode.c.h; path = StarredViewController.h; sourceTree = "<group>"; };
		B5ED8FAA169161FA00F3F4F6 /* StarredViewController.m */ = {isa = PBXFileReference; fileEncoding = 4; lastKnownFileType = sourcecode.c.objc; path = StarredViewController.m; sourceTree = "<group>"; };
		B5ED8FAB169161FA00F3F4F6 /* StarredViewController.xib */ = {isa = PBXFileReference; fileEncoding = 4; lastKnownFileType = file.xib; path = StarredViewController.xib; sourceTree = "<group>"; };
		B5ED8FAE1691627C00F3F4F6 /* 28-star_w.png */ = {isa = PBXFileReference; lastKnownFileType = image.png; path = "28-star_w.png"; sourceTree = "<group>"; };
		B5ED8FAF1691627C00F3F4F6 /* 28-star_w@2x.png */ = {isa = PBXFileReference; lastKnownFileType = image.png; path = "28-star_w@2x.png"; sourceTree = "<group>"; };
		B5F5C6FF1675742500C4F0E4 /* Gitos.app */ = {isa = PBXFileReference; explicitFileType = wrapper.application; includeInIndex = 0; path = Gitos.app; sourceTree = BUILT_PRODUCTS_DIR; };
		B5F5C7031675742500C4F0E4 /* UIKit.framework */ = {isa = PBXFileReference; lastKnownFileType = wrapper.framework; name = UIKit.framework; path = System/Library/Frameworks/UIKit.framework; sourceTree = SDKROOT; };
		B5F5C7051675742500C4F0E4 /* Foundation.framework */ = {isa = PBXFileReference; lastKnownFileType = wrapper.framework; name = Foundation.framework; path = System/Library/Frameworks/Foundation.framework; sourceTree = SDKROOT; };
		B5F5C7071675742500C4F0E4 /* CoreGraphics.framework */ = {isa = PBXFileReference; lastKnownFileType = wrapper.framework; name = CoreGraphics.framework; path = System/Library/Frameworks/CoreGraphics.framework; sourceTree = SDKROOT; };
		B5F5C7091675742500C4F0E4 /* CoreData.framework */ = {isa = PBXFileReference; lastKnownFileType = wrapper.framework; name = CoreData.framework; path = System/Library/Frameworks/CoreData.framework; sourceTree = SDKROOT; };
		B5F5C70D1675742500C4F0E4 /* Gitos-Info.plist */ = {isa = PBXFileReference; lastKnownFileType = text.plist.xml; path = "Gitos-Info.plist"; sourceTree = "<group>"; };
		B5F5C70F1675742500C4F0E4 /* en */ = {isa = PBXFileReference; lastKnownFileType = text.plist.strings; name = en; path = en.lproj/InfoPlist.strings; sourceTree = "<group>"; };
		B5F5C7111675742500C4F0E4 /* main.m */ = {isa = PBXFileReference; lastKnownFileType = sourcecode.c.objc; path = main.m; sourceTree = "<group>"; };
		B5F5C7131675742500C4F0E4 /* Gitos-Prefix.pch */ = {isa = PBXFileReference; lastKnownFileType = sourcecode.c.h; path = "Gitos-Prefix.pch"; sourceTree = "<group>"; };
		B5F5C7141675742500C4F0E4 /* AppDelegate.h */ = {isa = PBXFileReference; lastKnownFileType = sourcecode.c.h; path = AppDelegate.h; sourceTree = "<group>"; };
		B5F5C7151675742500C4F0E4 /* AppDelegate.m */ = {isa = PBXFileReference; lastKnownFileType = sourcecode.c.objc; path = AppDelegate.m; sourceTree = "<group>"; };
		B5F5C7171675742500C4F0E4 /* Default.png */ = {isa = PBXFileReference; lastKnownFileType = image.png; path = Default.png; sourceTree = "<group>"; };
		B5F5C7191675742500C4F0E4 /* Default@2x.png */ = {isa = PBXFileReference; lastKnownFileType = image.png; path = "Default@2x.png"; sourceTree = "<group>"; };
		B5F5C71B1675742500C4F0E4 /* Default-568h@2x.png */ = {isa = PBXFileReference; lastKnownFileType = image.png; path = "Default-568h@2x.png"; sourceTree = "<group>"; };
		B5F5C71E1675742500C4F0E4 /* Gitos.xcdatamodel */ = {isa = PBXFileReference; lastKnownFileType = wrapper.xcdatamodel; path = Gitos.xcdatamodel; sourceTree = "<group>"; };
		B5F5C7261675762200C4F0E4 /* HomeViewController.h */ = {isa = PBXFileReference; fileEncoding = 4; lastKnownFileType = sourcecode.c.h; path = HomeViewController.h; sourceTree = "<group>"; };
		B5F5C7271675762200C4F0E4 /* HomeViewController.m */ = {isa = PBXFileReference; fileEncoding = 4; lastKnownFileType = sourcecode.c.objc; path = HomeViewController.m; sourceTree = "<group>"; };
		B5F5C7281675762200C4F0E4 /* HomeViewController.xib */ = {isa = PBXFileReference; fileEncoding = 4; lastKnownFileType = file.xib; path = HomeViewController.xib; sourceTree = "<group>"; };
		B5F5C72C167576BC00C4F0E4 /* octocat_original.png */ = {isa = PBXFileReference; lastKnownFileType = image.png; path = octocat_original.png; sourceTree = "<group>"; };
		B5F5C72E167577BA00C4F0E4 /* signin_btn.png */ = {isa = PBXFileReference; lastKnownFileType = image.png; path = signin_btn.png; sourceTree = "<group>"; };
		B5F5C7301675780D00C4F0E4 /* blue_btn.png */ = {isa = PBXFileReference; lastKnownFileType = image.png; path = blue_btn.png; sourceTree = "<group>"; };
		B5F5C7321675797000C4F0E4 /* GithubAuthController.h */ = {isa = PBXFileReference; fileEncoding = 4; lastKnownFileType = sourcecode.c.h; path = GithubAuthController.h; sourceTree = "<group>"; };
		B5F5C7331675797000C4F0E4 /* GithubAuthController.m */ = {isa = PBXFileReference; fileEncoding = 4; lastKnownFileType = sourcecode.c.objc; path = GithubAuthController.m; sourceTree = "<group>"; };
		B5F5C73C16757A6700C4F0E4 /* GithubAuthenticatorView.h */ = {isa = PBXFileReference; fileEncoding = 4; lastKnownFileType = sourcecode.c.h; path = GithubAuthenticatorView.h; sourceTree = "<group>"; };
		B5F5C73D16757A6700C4F0E4 /* GithubAuthenticatorView.m */ = {isa = PBXFileReference; fileEncoding = 4; lastKnownFileType = sourcecode.c.objc; path = GithubAuthenticatorView.m; sourceTree = "<group>"; };
		B5F5C73F16757AE100C4F0E4 /* Defines.h */ = {isa = PBXFileReference; lastKnownFileType = sourcecode.c.h; name = Defines.h; path = Classes/Defines.h; sourceTree = "<group>"; };
		B5F5C74016757BFB00C4F0E4 /* NSDictionary+UrlEncoding.h */ = {isa = PBXFileReference; fileEncoding = 4; lastKnownFileType = sourcecode.c.h; path = "NSDictionary+UrlEncoding.h"; sourceTree = "<group>"; };
		B5F5C74116757C0800C4F0E4 /* NSDictionary+UrlEncoding.m */ = {isa = PBXFileReference; fileEncoding = 4; lastKnownFileType = sourcecode.c.objc; path = "NSDictionary+UrlEncoding.m"; sourceTree = "<group>"; };
		B5F5C74416757C5D00C4F0E4 /* SizerView.h */ = {isa = PBXFileReference; fileEncoding = 4; lastKnownFileType = sourcecode.c.h; path = SizerView.h; sourceTree = "<group>"; };
		B5F5C74516757C5D00C4F0E4 /* SizerView.m */ = {isa = PBXFileReference; fileEncoding = 4; lastKnownFileType = sourcecode.c.objc; path = SizerView.m; sourceTree = "<group>"; };
		B5F5C7501675A3B500C4F0E4 /* KeychainHelper.h */ = {isa = PBXFileReference; fileEncoding = 4; lastKnownFileType = sourcecode.c.h; path = KeychainHelper.h; sourceTree = "<group>"; };
		B5F5C7511675A3B500C4F0E4 /* KeychainHelper.m */ = {isa = PBXFileReference; fileEncoding = 4; lastKnownFileType = sourcecode.c.objc; path = KeychainHelper.m; sourceTree = "<group>"; };
		B5F5C7531675A3EA00C4F0E4 /* KeychainItemWrapper.h */ = {isa = PBXFileReference; fileEncoding = 4; lastKnownFileType = sourcecode.c.h; path = KeychainItemWrapper.h; sourceTree = "<group>"; };
		B5F5C7541675A3EA00C4F0E4 /* KeychainItemWrapper.m */ = {isa = PBXFileReference; fileEncoding = 4; lastKnownFileType = sourcecode.c.objc; path = KeychainItemWrapper.m; sourceTree = "<group>"; };
		B5F5C7561675A6CC00C4F0E4 /* AppConfig.plist */ = {isa = PBXFileReference; fileEncoding = 4; lastKnownFileType = text.plist.xml; path = AppConfig.plist; sourceTree = "<group>"; };
		B5F5C7621675A71C00C4F0E4 /* AppConfig.h */ = {isa = PBXFileReference; fileEncoding = 4; lastKnownFileType = sourcecode.c.h; path = AppConfig.h; sourceTree = "<group>"; };
		B5F5C7631675A71C00C4F0E4 /* AppConfig.m */ = {isa = PBXFileReference; fileEncoding = 4; lastKnownFileType = sourcecode.c.objc; path = AppConfig.m; sourceTree = "<group>"; };
		B5F5C7651675A7A100C4F0E4 /* Security.framework */ = {isa = PBXFileReference; lastKnownFileType = wrapper.framework; name = Security.framework; path = System/Library/Frameworks/Security.framework; sourceTree = SDKROOT; };
		B5F5C7671675B43300C4F0E4 /* LoginViewController.h */ = {isa = PBXFileReference; fileEncoding = 4; lastKnownFileType = sourcecode.c.h; path = LoginViewController.h; sourceTree = "<group>"; };
		B5F5C7681675B43300C4F0E4 /* LoginViewController.m */ = {isa = PBXFileReference; fileEncoding = 4; lastKnownFileType = sourcecode.c.objc; path = LoginViewController.m; sourceTree = "<group>"; };
		B5F5C7691675B43300C4F0E4 /* LoginViewController.xib */ = {isa = PBXFileReference; fileEncoding = 4; lastKnownFileType = file.xib; path = LoginViewController.xib; sourceTree = "<group>"; };
		B5F5C7CB167D9B7E00C4F0E4 /* URLParser.h */ = {isa = PBXFileReference; fileEncoding = 4; lastKnownFileType = sourcecode.c.h; path = URLParser.h; sourceTree = "<group>"; };
		B5F5C7CC167D9B7E00C4F0E4 /* URLParser.m */ = {isa = PBXFileReference; fileEncoding = 4; lastKnownFileType = sourcecode.c.objc; path = URLParser.m; sourceTree = "<group>"; };
		B5F5C7D1167DABF700C4F0E4 /* SSKeychain.h */ = {isa = PBXFileReference; fileEncoding = 4; lastKnownFileType = sourcecode.c.h; path = SSKeychain.h; sourceTree = "<group>"; };
		B5F5C7D2167DABF700C4F0E4 /* SSKeychain.m */ = {isa = PBXFileReference; fileEncoding = 4; lastKnownFileType = sourcecode.c.objc; path = SSKeychain.m; sourceTree = "<group>"; };
		B5F5C7D4167DB85200C4F0E4 /* NewsfeedViewController.h */ = {isa = PBXFileReference; fileEncoding = 4; lastKnownFileType = sourcecode.c.h; path = NewsfeedViewController.h; sourceTree = "<group>"; };
		B5F5C7D5167DB85200C4F0E4 /* NewsfeedViewController.m */ = {isa = PBXFileReference; fileEncoding = 4; lastKnownFileType = sourcecode.c.objc; path = NewsfeedViewController.m; sourceTree = "<group>"; };
		B5F5C7D6167DB85200C4F0E4 /* NewsfeedViewController.xib */ = {isa = PBXFileReference; fileEncoding = 4; lastKnownFileType = file.xib; path = NewsfeedViewController.xib; sourceTree = "<group>"; };
		B5F5C7D9167DBAE300C4F0E4 /* ReposViewController.h */ = {isa = PBXFileReference; fileEncoding = 4; lastKnownFileType = sourcecode.c.h; path = ReposViewController.h; sourceTree = "<group>"; };
		B5F5C7DA167DBAE300C4F0E4 /* ReposViewController.m */ = {isa = PBXFileReference; fileEncoding = 4; lastKnownFileType = sourcecode.c.objc; path = ReposViewController.m; sourceTree = "<group>"; };
		B5F5C7DB167DBAE300C4F0E4 /* ReposViewController.xib */ = {isa = PBXFileReference; fileEncoding = 4; lastKnownFileType = file.xib; path = ReposViewController.xib; sourceTree = "<group>"; };
		B5F5C7DE167E528D00C4F0E4 /* GistsViewController.h */ = {isa = PBXFileReference; fileEncoding = 4; lastKnownFileType = sourcecode.c.h; path = GistsViewController.h; sourceTree = "<group>"; };
		B5F5C7DF167E528E00C4F0E4 /* GistsViewController.m */ = {isa = PBXFileReference; fileEncoding = 4; lastKnownFileType = sourcecode.c.objc; path = GistsViewController.m; sourceTree = "<group>"; };
		B5F5C7E0167E528E00C4F0E4 /* GistsViewController.xib */ = {isa = PBXFileReference; fileEncoding = 4; lastKnownFileType = file.xib; path = GistsViewController.xib; sourceTree = "<group>"; };
		B5F5C7E7167E54A700C4F0E4 /* DashboardViewController.h */ = {isa = PBXFileReference; fileEncoding = 4; lastKnownFileType = sourcecode.c.h; path = DashboardViewController.h; sourceTree = "<group>"; };
		B5F5C7E8167E54A700C4F0E4 /* DashboardViewController.m */ = {isa = PBXFileReference; fileEncoding = 4; lastKnownFileType = sourcecode.c.objc; path = DashboardViewController.m; sourceTree = "<group>"; };
		B5F5C7E9167E54A700C4F0E4 /* DashboardViewController.xib */ = {isa = PBXFileReference; fileEncoding = 4; lastKnownFileType = file.xib; path = DashboardViewController.xib; sourceTree = "<group>"; };
/* End PBXFileReference section */

/* Begin PBXFrameworksBuildPhase section */
		B5F5C6FC1675742500C4F0E4 /* Frameworks */ = {
			isa = PBXFrameworksBuildPhase;
			buildActionMask = 2147483647;
			files = (
				B5DF89F116A000C200114862 /* QuartzCore.framework in Frameworks */,
				B5F5C7661675A7A100C4F0E4 /* Security.framework in Frameworks */,
				B5F5C7041675742500C4F0E4 /* UIKit.framework in Frameworks */,
				B5F5C7061675742500C4F0E4 /* Foundation.framework in Frameworks */,
				B5F5C7081675742500C4F0E4 /* CoreGraphics.framework in Frameworks */,
				B5F5C70A1675742500C4F0E4 /* CoreData.framework in Frameworks */,
			);
			runOnlyForDeploymentPostprocessing = 0;
		};
/* End PBXFrameworksBuildPhase section */

/* Begin PBXGroup section */
		B501128816A1459900044C85 /* AFOAuth2Client */ = {
			isa = PBXGroup;
			children = (
				B501128916A1459900044C85 /* AFOAuth2Client.h */,
				B501128A16A1459900044C85 /* AFOAuth2Client.m */,
			);
			path = AFOAuth2Client;
			sourceTree = "<group>";
		};
		B55514B016A33C89004D5713 /* UIBarButton */ = {
			isa = PBXGroup;
			children = (
				B55514B116A33C89004D5713 /* barButton.png */,
				B55514B216A33C89004D5713 /* barButton@2x.png */,
				B55514B316A33C89004D5713 /* barButtonBack.png */,
				B55514B416A33C89004D5713 /* barButtonBack@2x.png */,
				B55514B516A33C89004D5713 /* barButtonBackDisabled.png */,
				B55514B616A33C89004D5713 /* barButtonBackDisabled@2x.png */,
				B55514B716A33C89004D5713 /* barButtonBackPressed.png */,
				B55514B816A33C89004D5713 /* barButtonBackPressed@2x.png */,
				B55514B916A33C89004D5713 /* barButtonDisabled.png */,
				B55514BA16A33C89004D5713 /* barButtonDisabled@2x.png */,
				B55514BB16A33C89004D5713 /* barButtonPressed.png */,
				B55514BC16A33C89004D5713 /* barButtonPressed@2x.png */,
				B55514BD16A33C89004D5713 /* vector */,
			);
			path = UIBarButton;
			sourceTree = "<group>";
		};
		B55514BD16A33C89004D5713 /* vector */ = {
			isa = PBXGroup;
			children = (
				B55514BE16A33C89004D5713 /* barButton.idraw */,
				B55514BF16A33C89004D5713 /* barButton.svg */,
				B55514C016A33C89004D5713 /* barButtonBack.idraw */,
				B55514C116A33C89004D5713 /* barButtonBack.svg */,
				B55514C216A33C89004D5713 /* barButtonBackDisabled.idraw */,
				B55514C316A33C89004D5713 /* barButtonBackDisabled.svg */,
				B55514C416A33C89004D5713 /* barButtonBackPressed.idraw */,
				B55514C516A33C89004D5713 /* barButtonBackPressed.svg */,
				B55514C616A33C89004D5713 /* barButtonDisabled.idraw */,
				B55514C716A33C89004D5713 /* barButtonDisabled.svg */,
				B55514C816A33C89004D5713 /* barButtonPressed.idraw */,
				B55514C916A33C89004D5713 /* barButtonPressed.svg */,
			);
			path = vector;
			sourceTree = "<group>";
		};
		B5CB3C73168267A400566E19 /* Cells */ = {
			isa = PBXGroup;
			children = (
				B5CB3C74168267AF00566E19 /* NewsFeedCell.h */,
				B5CB3C75168267AF00566E19 /* NewsFeedCell.m */,
				B5CB3C77168267BF00566E19 /* NewsFeed.xib */,
				B5CB3CAB1682D6A700566E19 /* ProfileCell.h */,
				B5CB3CAC1682D6A700566E19 /* ProfileCell.m */,
				B5CB3CAE1682D6BE00566E19 /* ProfileCell.xib */,
				B5ED8F8E1686EEBD00F3F4F6 /* RepoCell.h */,
				B5ED8F8F1686EEBD00F3F4F6 /* RepoCell.m */,
				B5ED8F911686EECD00F3F4F6 /* RepoCell.xib */,
				B5E2CA97169A99C30004E9A7 /* GistCell.h */,
				B5E2CA98169A99C30004E9A7 /* GistCell.m */,
				B5E2CA9A169A9AFE0004E9A7 /* GistCell.xib */,
			);
			path = Cells;
			sourceTree = "<group>";
		};
		B5CC1903168229AE000D32B3 /* AFNetworking */ = {
			isa = PBXGroup;
			children = (
				B5CC1904168229AE000D32B3 /* AFHTTPClient.h */,
				B5CC1905168229AE000D32B3 /* AFHTTPClient.m */,
				B5CC1906168229AE000D32B3 /* AFHTTPRequestOperation.h */,
				B5CC1907168229AE000D32B3 /* AFHTTPRequestOperation.m */,
				B5CC1908168229AE000D32B3 /* AFImageRequestOperation.h */,
				B5CC1909168229AE000D32B3 /* AFImageRequestOperation.m */,
				B5CC190A168229AE000D32B3 /* AFJSONRequestOperation.h */,
				B5CC190B168229AE000D32B3 /* AFJSONRequestOperation.m */,
				B5CC190C168229AE000D32B3 /* AFJSONUtilities.h */,
				B5CC190D168229AE000D32B3 /* AFJSONUtilities.m */,
				B5CC190E168229AE000D32B3 /* AFNetworkActivityIndicatorManager.h */,
				B5CC190F168229AE000D32B3 /* AFNetworkActivityIndicatorManager.m */,
				B5CC1910168229AE000D32B3 /* AFNetworking.h */,
				B5CC1911168229AE000D32B3 /* AFPropertyListRequestOperation.h */,
				B5CC1912168229AE000D32B3 /* AFPropertyListRequestOperation.m */,
				B5CC1913168229AE000D32B3 /* AFURLConnectionOperation.h */,
				B5CC1914168229AE000D32B3 /* AFURLConnectionOperation.m */,
				B5CC1915168229AE000D32B3 /* AFXMLRequestOperation.h */,
				B5CC1916168229AE000D32B3 /* AFXMLRequestOperation.m */,
				B5CC1917168229AE000D32B3 /* UIImageView+AFNetworking.h */,
				B5CC1918168229AE000D32B3 /* UIImageView+AFNetworking.m */,
			);
			path = AFNetworking;
			sourceTree = "<group>";
		};
		B5DF89EC169FFFC200114862 /* SVPullToRefresh */ = {
			isa = PBXGroup;
			children = (
				B5DF89ED169FFFC200114862 /* SVPullToRefresh.h */,
				B5DF89EE169FFFC200114862 /* SVPullToRefresh.m */,
			);
			path = SVPullToRefresh;
			sourceTree = "<group>";
		};
		B5F5C6F41675742500C4F0E4 = {
			isa = PBXGroup;
			children = (
				B5DF89F016A000C200114862 /* QuartzCore.framework */,
				B5ACFE8F1698B81A008E56C1 /* icon@2x_et.png */,
				B5DF89EC169FFFC200114862 /* SVPullToRefresh */,
				B5ACFE8D1698B80F008E56C1 /* Icon.png */,
				B501128816A1459900044C85 /* AFOAuth2Client */,
				B5CC1903168229AE000D32B3 /* AFNetworking */,
				B5F5C70B1675742500C4F0E4 /* Gitos */,
				B5F5C7021675742500C4F0E4 /* Frameworks */,
				B5F5C7001675742500C4F0E4 /* Products */,
			);
			sourceTree = "<group>";
		};
		B5F5C7001675742500C4F0E4 /* Products */ = {
			isa = PBXGroup;
			children = (
				B5F5C6FF1675742500C4F0E4 /* Gitos.app */,
			);
			name = Products;
			sourceTree = "<group>";
		};
		B5F5C7021675742500C4F0E4 /* Frameworks */ = {
			isa = PBXGroup;
			children = (
				B5F5C7651675A7A100C4F0E4 /* Security.framework */,
				B5F5C7031675742500C4F0E4 /* UIKit.framework */,
				B5F5C7051675742500C4F0E4 /* Foundation.framework */,
				B5F5C7071675742500C4F0E4 /* CoreGraphics.framework */,
				B5F5C7091675742500C4F0E4 /* CoreData.framework */,
			);
			name = Frameworks;
			sourceTree = "<group>";
		};
		B5F5C70B1675742500C4F0E4 /* Gitos */ = {
			isa = PBXGroup;
			children = (
				B5CB3C73168267A400566E19 /* Cells */,
				B5F5C74316757C3F00C4F0E4 /* Views */,
				B5F5C73816757A0A00C4F0E4 /* Classes */,
				B5F5C72B167576A400C4F0E4 /* Images */,
				B5F5C725167575E700C4F0E4 /* Controllers */,
				B5F5C7141675742500C4F0E4 /* AppDelegate.h */,
				B5F5C73F16757AE100C4F0E4 /* Defines.h */,
				B5F5C7151675742500C4F0E4 /* AppDelegate.m */,
				B5F5C71D1675742500C4F0E4 /* Gitos.xcdatamodeld */,
				B5F5C70C1675742500C4F0E4 /* Supporting Files */,
				B5F5C7561675A6CC00C4F0E4 /* AppConfig.plist */,
			);
			path = Gitos;
			sourceTree = "<group>";
		};
		B5F5C70C1675742500C4F0E4 /* Supporting Files */ = {
			isa = PBXGroup;
			children = (
				B5F5C70D1675742500C4F0E4 /* Gitos-Info.plist */,
				B5F5C70E1675742500C4F0E4 /* InfoPlist.strings */,
				B5F5C7111675742500C4F0E4 /* main.m */,
				B5F5C7131675742500C4F0E4 /* Gitos-Prefix.pch */,
				B5F5C7171675742500C4F0E4 /* Default.png */,
				B5F5C7191675742500C4F0E4 /* Default@2x.png */,
				B5F5C71B1675742500C4F0E4 /* Default-568h@2x.png */,
			);
			name = "Supporting Files";
			sourceTree = "<group>";
		};
		B5F5C725167575E700C4F0E4 /* Controllers */ = {
			isa = PBXGroup;
			children = (
				B5F5C7261675762200C4F0E4 /* HomeViewController.h */,
				B5F5C7271675762200C4F0E4 /* HomeViewController.m */,
				B5F5C7281675762200C4F0E4 /* HomeViewController.xib */,
				B5F5C7321675797000C4F0E4 /* GithubAuthController.h */,
				B5F5C7331675797000C4F0E4 /* GithubAuthController.m */,
				B5F5C73C16757A6700C4F0E4 /* GithubAuthenticatorView.h */,
				B5F5C73D16757A6700C4F0E4 /* GithubAuthenticatorView.m */,
				B5F5C7671675B43300C4F0E4 /* LoginViewController.h */,
				B5F5C7681675B43300C4F0E4 /* LoginViewController.m */,
				B5F5C7691675B43300C4F0E4 /* LoginViewController.xib */,
				B5F5C7D4167DB85200C4F0E4 /* NewsfeedViewController.h */,
				B5F5C7D5167DB85200C4F0E4 /* NewsfeedViewController.m */,
				B5F5C7D6167DB85200C4F0E4 /* NewsfeedViewController.xib */,
				B5F5C7D9167DBAE300C4F0E4 /* ReposViewController.h */,
				B5F5C7DA167DBAE300C4F0E4 /* ReposViewController.m */,
				B5F5C7DB167DBAE300C4F0E4 /* ReposViewController.xib */,
				B5F5C7DE167E528D00C4F0E4 /* GistsViewController.h */,
				B5F5C7DF167E528E00C4F0E4 /* GistsViewController.m */,
				B5F5C7E0167E528E00C4F0E4 /* GistsViewController.xib */,
				B5F5C7E7167E54A700C4F0E4 /* DashboardViewController.h */,
				B5F5C7E8167E54A700C4F0E4 /* DashboardViewController.m */,
				B5F5C7E9167E54A700C4F0E4 /* DashboardViewController.xib */,
				B5CB3C9616828FBE00566E19 /* ProfileViewController.h */,
				B5CB3C9716828FBE00566E19 /* ProfileViewController.m */,
				B5CB3C9816828FBE00566E19 /* ProfileViewController.xib */,
				B5ED8FA41691598200F3F4F6 /* RepoViewController.h */,
				B5ED8FA51691598200F3F4F6 /* RepoViewController.m */,
				B5ED8FA61691598200F3F4F6 /* RepoViewController.xib */,
				B5ED8FA9169161FA00F3F4F6 /* StarredViewController.h */,
				B5ED8FAA169161FA00F3F4F6 /* StarredViewController.m */,
				B5ED8FAB169161FA00F3F4F6 /* StarredViewController.xib */,
				B5E2CAA4169C05EF0004E9A7 /* OthersViewController.h */,
				B5E2CAA5169C05EF0004E9A7 /* OthersViewController.m */,
				B5E2CAA6169C05EF0004E9A7 /* OthersViewController.xib */,
				B501128D16A2183700044C85 /* NewsfeedDetailsViewController.h */,
				B501128E16A2183700044C85 /* NewsfeedDetailsViewController.m */,
				B501128F16A2183700044C85 /* NewsfeedDetailsViewController.xib */,
			);
			path = Controllers;
			sourceTree = "<group>";
		};
		B5F5C72B167576A400C4F0E4 /* Images */ = {
			isa = PBXGroup;
			children = (
				B5CB3C831682805B00566E19 /* repos_icon.png */,
				B5CB3C8D168289C300566E19 /* tabbar_bg.png */,
				B5CB3C871682870800566E19 /* tabbar_bg.png */,
				B5ED8F761684397E00F3F4F6 /* 07-map-marker.png */,
				B5ED8F9B168D639100F3F4F6 /* 12-eye.png */,
				B55514FA16A3CEC7004D5713 /* glyphicons_081_refresh.png */,
				B55514FB16A3CEC7004D5713 /* glyphicons_081_refresh@2x.png */,
				B55514EE16A3CD90004D5713 /* glyphicons_081_refresh.png */,
				B55514F216A3CE6D004D5713 /* glyphicons_081_refresh.png */,
				B55514F616A3CEA9004D5713 /* glyphicons_081_refresh.png */,
				B55514FE16A3CEE8004D5713 /* glyphicons_081_refresh.png */,
				B55514FF16A3CEE8004D5713 /* glyphicons_081_refresh@2x.png */,
				B55514F716A3CEA9004D5713 /* glyphicons_081_refresh@2x.png */,
				B55514F316A3CE6D004D5713 /* glyphicons_081_refresh@2x.png */,
				B55514EF16A3CD90004D5713 /* glyphicons_081_refresh@2x.png */,
				B5ACFE831698026F008E56C1 /* header_bg.png */,
				B5ED8F9C168D639100F3F4F6 /* 12-eye@2x.png */,
				B5E2CAAE169C09800004E9A7 /* 256-box2.png */,
				B5E2CAAF169C09800004E9A7 /* 256-box2@2x.png */,
				B5E2CAAA169C074C0004E9A7 /* 259-list.png */,
				B5E2CAAB169C074C0004E9A7 /* 259-list@2x.png */,
				B5ED8F931686F17F00F3F4F6 /* 255-box.png */,
				B5ACFE8516980886008E56C1 /* tabbar_bg.png */,
				B5ED8FAE1691627C00F3F4F6 /* 28-star_w.png */,
				B5ED8FAF1691627C00F3F4F6 /* 28-star_w@2x.png */,
				B5ED8F941686F17F00F3F4F6 /* 255-box@2x.png */,
				B5ED8FA0168D64E800F3F4F6 /* 28-star.png */,
				B5ED8FA1168D64E800F3F4F6 /* 28-star@2x.png */,
				B55514B016A33C89004D5713 /* UIBarButton */,
				B5ED8F861684419A00F3F4F6 /* 37-suitcase.png */,
				B5ED8F871684419A00F3F4F6 /* 37-suitcase@2x.png */,
				B5ED8F771684397E00F3F4F6 /* 07-map-marker@2x.png */,
				B5ED8F821684413300F3F4F6 /* 287-at.png */,
				B5ED8F8A1684422200F3F4F6 /* 112-group.png */,
				B5ED8F8B1684422200F3F4F6 /* 112-group@2x.png */,
				B5ED8F831684413300F3F4F6 /* 287-at@2x.png */,
				B5CB3C9F1682D0B000566E19 /* location_icon.png */,
				B5CB3CBD1682E53700566E19 /* link_icon.png */,
				B5ED8F371684313C00F3F4F6 /* news_icon.png */,
				B5ED8F7A16843EF000F3F4F6 /* 71-compass.png */,
				B5ED8F7B16843EF000F3F4F6 /* 71-compass@2x.png */,
				B5ED8F421684335500F3F4F6 /* gists_icon.png */,
				B5ED8F431684335500F3F4F6 /* newsfeed_icon.png */,
				B5ED8F6E168438E800F3F4F6 /* 33-cabinet.png */,
				B5ED8F6F168438E800F3F4F6 /* 33-cabinet@2x.png */,
				B5ED8F441684335500F3F4F6 /* repos_icon.png */,
				B5ED8F381684313C00F3F4F6 /* newsfeed_icon_selected.png */,
				B5ED8F721684393300F3F4F6 /* 179-notepad.png */,
				B5ED8F731684393300F3F4F6 /* 179-notepad@2x.png */,
				B5CB3CBA1682E42100566E19 /* company_icon.png */,
				B5ED8F6A168438A100F3F4F6 /* 253-person.png */,
				B5ED8F6B168438A100F3F4F6 /* 253-person@2x.png */,
				B5ED8F521684374F00F3F4F6 /* 275-broadcast.png */,
				B5ED8F531684374F00F3F4F6 /* 275-broadcast@2x.png */,
				B5CB3C85168280D900566E19 /* gists_icon.png */,
				B5ED8F3E1684327900F3F4F6 /* newsfeed_icon.png */,
				B5ED8F4A1684346500F3F4F6 /* gists_icon.png */,
				B5ED8F4B1684346500F3F4F6 /* newsfeed_icon.png */,
				B5ED8F4C1684346500F3F4F6 /* profile_icon.png */,
				B5ED8F4D1684346500F3F4F6 /* repos_icon.png */,
				B5ED8F3C1684324E00F3F4F6 /* repos_icon.png */,
				B5ED8F48168433AB00F3F4F6 /* repos_icon.png */,
				B5CB3CA31682D61400566E19 /* email_icon.png */,
				B5CB3CA41682D61400566E19 /* link_icon.png */,
				B5ED8F40168432CD00F3F4F6 /* repos_icon.png */,
				B5CB3CB01682DC5D00566E19 /* followers_icon.png */,
				B5CB3CA51682D61400566E19 /* location_icon.png */,
				B5CB3CA11682D27C00566E19 /* link_icon.png */,
				B5CB3C8116827FFB00566E19 /* news_icon.png */,
				B5CB3C9B1682908800566E19 /* profile_icon.png */,
				B5CB3C9116828BFB00566E19 /* header_bg.png */,
				B5CB3CA91682D66F00566E19 /* email_icon.png */,
				B5CB3C7F16827E1B00566E19 /* news_icon.png */,
				B5CB3C9D168291C200566E19 /* profile_icon.png */,
				B5CB3C7916827CE000566E19 /* news_icon.png */,
				B5CB3C8F16828A0B00566E19 /* tabbar_bg.png */,
				B5F5C72E167577BA00C4F0E4 /* signin_btn.png */,
				B5F5C7301675780D00C4F0E4 /* blue_btn.png */,
				B5F5C72C167576BC00C4F0E4 /* octocat_original.png */,
			);
			path = Images;
			sourceTree = "<group>";
		};
		B5F5C73816757A0A00C4F0E4 /* Classes */ = {
			isa = PBXGroup;
			children = (
				B5F5C7D1167DABF700C4F0E4 /* SSKeychain.h */,
				B5F5C7D2167DABF700C4F0E4 /* SSKeychain.m */,
				B5F5C74016757BFB00C4F0E4 /* NSDictionary+UrlEncoding.h */,
				B5F5C74116757C0800C4F0E4 /* NSDictionary+UrlEncoding.m */,
				B5F5C7501675A3B500C4F0E4 /* KeychainHelper.h */,
				B5F5C7511675A3B500C4F0E4 /* KeychainHelper.m */,
				B5F5C7531675A3EA00C4F0E4 /* KeychainItemWrapper.h */,
				B5F5C7541675A3EA00C4F0E4 /* KeychainItemWrapper.m */,
				B5F5C7621675A71C00C4F0E4 /* AppConfig.h */,
				B5F5C7631675A71C00C4F0E4 /* AppConfig.m */,
				B5F5C7CB167D9B7E00C4F0E4 /* URLParser.h */,
				B5F5C7CC167D9B7E00C4F0E4 /* URLParser.m */,
				B5CC18FF16822847000D32B3 /* User.h */,
				B5E2CA8F169A79C70004E9A7 /* RelativeDateDescriptor.h */,
				B5E2CA90169A79C70004E9A7 /* RelativeDateDescriptor.m */,
				B5CC190016822847000D32B3 /* User.m */,
				B5CB3C9316828E2200566E19 /* SpinnerView.h */,
				B5CB3C9416828E2200566E19 /* SpinnerView.m */,
				B5DF89E4169FD60800114862 /* AppInitialization.h */,
				B5DF89E5169FD60800114862 /* AppInitialization.m */,
				B501129216A2190300044C85 /* TimelineEvent.h */,
				B501129316A2190300044C85 /* TimelineEvent.m */,
			);
			path = Classes;
			sourceTree = "<group>";
		};
		B5F5C74316757C3F00C4F0E4 /* Views */ = {
			isa = PBXGroup;
			children = (
				B5F5C74416757C5D00C4F0E4 /* SizerView.h */,
				B5F5C74516757C5D00C4F0E4 /* SizerView.m */,
			);
			path = Views;
			sourceTree = "<group>";
		};
/* End PBXGroup section */

/* Begin PBXNativeTarget section */
		B5F5C6FE1675742500C4F0E4 /* Gitos */ = {
			isa = PBXNativeTarget;
			buildConfigurationList = B5F5C7221675742500C4F0E4 /* Build configuration list for PBXNativeTarget "Gitos" */;
			buildPhases = (
				B5F5C6FB1675742500C4F0E4 /* Sources */,
				B5F5C6FC1675742500C4F0E4 /* Frameworks */,
				B5F5C6FD1675742500C4F0E4 /* Resources */,
			);
			buildRules = (
			);
			dependencies = (
			);
			name = Gitos;
			productName = Gitos;
			productReference = B5F5C6FF1675742500C4F0E4 /* Gitos.app */;
			productType = "com.apple.product-type.application";
		};
/* End PBXNativeTarget section */

/* Begin PBXProject section */
		B5F5C6F61675742500C4F0E4 /* Project object */ = {
			isa = PBXProject;
			attributes = {
				LastUpgradeCheck = 0450;
				ORGANIZATIONNAME = "Crafted By Tri";
			};
			buildConfigurationList = B5F5C6F91675742500C4F0E4 /* Build configuration list for PBXProject "Gitos" */;
			compatibilityVersion = "Xcode 3.2";
			developmentRegion = English;
			hasScannedForEncodings = 0;
			knownRegions = (
				en,
			);
			mainGroup = B5F5C6F41675742500C4F0E4;
			productRefGroup = B5F5C7001675742500C4F0E4 /* Products */;
			projectDirPath = "";
			projectRoot = "";
			targets = (
				B5F5C6FE1675742500C4F0E4 /* Gitos */,
			);
		};
/* End PBXProject section */

/* Begin PBXResourcesBuildPhase section */
		B5F5C6FD1675742500C4F0E4 /* Resources */ = {
			isa = PBXResourcesBuildPhase;
			buildActionMask = 2147483647;
			files = (
				B5F5C7101675742500C4F0E4 /* InfoPlist.strings in Resources */,
				B5F5C7181675742500C4F0E4 /* Default.png in Resources */,
				B5F5C71A1675742500C4F0E4 /* Default@2x.png in Resources */,
				B5F5C71C1675742500C4F0E4 /* Default-568h@2x.png in Resources */,
				B5F5C72A1675762200C4F0E4 /* HomeViewController.xib in Resources */,
				B5F5C72D167576BC00C4F0E4 /* octocat_original.png in Resources */,
				B5F5C72F167577BA00C4F0E4 /* signin_btn.png in Resources */,
				B5F5C7311675780D00C4F0E4 /* blue_btn.png in Resources */,
				B5F5C7571675A6CC00C4F0E4 /* AppConfig.plist in Resources */,
				B5F5C76B1675B43300C4F0E4 /* LoginViewController.xib in Resources */,
				B5F5C7D8167DB85200C4F0E4 /* NewsfeedViewController.xib in Resources */,
				B5F5C7DD167DBAE400C4F0E4 /* ReposViewController.xib in Resources */,
				B5F5C7E2167E528E00C4F0E4 /* GistsViewController.xib in Resources */,
				B5F5C7EB167E54A700C4F0E4 /* DashboardViewController.xib in Resources */,
				B5CB3C78168267BF00566E19 /* NewsFeed.xib in Resources */,
				B5CB3C7A16827CE000566E19 /* news_icon.png in Resources */,
				B5CB3C8016827E1B00566E19 /* news_icon.png in Resources */,
				B5CB3C8216827FFB00566E19 /* news_icon.png in Resources */,
				B5CB3C841682805B00566E19 /* repos_icon.png in Resources */,
				B5CB3C86168280D900566E19 /* gists_icon.png in Resources */,
				B5CB3C881682870800566E19 /* tabbar_bg.png in Resources */,
				B5CB3C8E168289C300566E19 /* tabbar_bg.png in Resources */,
				B5CB3C9016828A0B00566E19 /* tabbar_bg.png in Resources */,
				B5CB3C9216828BFB00566E19 /* header_bg.png in Resources */,
				B5CB3C9A16828FBE00566E19 /* ProfileViewController.xib in Resources */,
				B5CB3C9C1682908800566E19 /* profile_icon.png in Resources */,
				B5CB3C9E168291C200566E19 /* profile_icon.png in Resources */,
				B5CB3CA01682D0B000566E19 /* location_icon.png in Resources */,
				B5CB3CA21682D27C00566E19 /* link_icon.png in Resources */,
				B5CB3CA61682D61400566E19 /* email_icon.png in Resources */,
				B5CB3CA71682D61400566E19 /* link_icon.png in Resources */,
				B5CB3CA81682D61400566E19 /* location_icon.png in Resources */,
				B5CB3CAA1682D66F00566E19 /* email_icon.png in Resources */,
				B5CB3CAF1682D6BE00566E19 /* ProfileCell.xib in Resources */,
				B5CB3CB11682DC5D00566E19 /* followers_icon.png in Resources */,
				B5CB3CBB1682E42100566E19 /* company_icon.png in Resources */,
				B5CB3CBE1682E53700566E19 /* link_icon.png in Resources */,
				B5ED8F391684313C00F3F4F6 /* news_icon.png in Resources */,
				B5ED8F3A1684313C00F3F4F6 /* newsfeed_icon_selected.png in Resources */,
				B5ED8F3D1684324E00F3F4F6 /* repos_icon.png in Resources */,
				B5ED8F3F1684327900F3F4F6 /* newsfeed_icon.png in Resources */,
				B5ED8F41168432CD00F3F4F6 /* repos_icon.png in Resources */,
				B5ED8F451684335500F3F4F6 /* gists_icon.png in Resources */,
				B5ED8F461684335500F3F4F6 /* newsfeed_icon.png in Resources */,
				B5ED8F471684335500F3F4F6 /* repos_icon.png in Resources */,
				B5ED8F49168433AB00F3F4F6 /* repos_icon.png in Resources */,
				B5ED8F4E1684346500F3F4F6 /* gists_icon.png in Resources */,
				B5ED8F4F1684346500F3F4F6 /* newsfeed_icon.png in Resources */,
				B5ED8F501684346500F3F4F6 /* profile_icon.png in Resources */,
				B5ED8F511684346500F3F4F6 /* repos_icon.png in Resources */,
				B5ED8F541684374F00F3F4F6 /* 275-broadcast.png in Resources */,
				B5ED8F551684374F00F3F4F6 /* 275-broadcast@2x.png in Resources */,
				B5ED8F6C168438A100F3F4F6 /* 253-person.png in Resources */,
				B5ED8F6D168438A100F3F4F6 /* 253-person@2x.png in Resources */,
				B5ED8F70168438E800F3F4F6 /* 33-cabinet.png in Resources */,
				B5ED8F71168438E800F3F4F6 /* 33-cabinet@2x.png in Resources */,
				B5ED8F741684393300F3F4F6 /* 179-notepad.png in Resources */,
				B5ED8F751684393300F3F4F6 /* 179-notepad@2x.png in Resources */,
				B5ED8F781684397E00F3F4F6 /* 07-map-marker.png in Resources */,
				B5ED8F791684397E00F3F4F6 /* 07-map-marker@2x.png in Resources */,
				B5ED8F7C16843EF000F3F4F6 /* 71-compass.png in Resources */,
				B5ED8F7D16843EF000F3F4F6 /* 71-compass@2x.png in Resources */,
				B5ED8F841684413300F3F4F6 /* 287-at.png in Resources */,
				B5ED8F851684413300F3F4F6 /* 287-at@2x.png in Resources */,
				B5ED8F881684419A00F3F4F6 /* 37-suitcase.png in Resources */,
				B5ED8F891684419A00F3F4F6 /* 37-suitcase@2x.png in Resources */,
				B5ED8F8C1684422200F3F4F6 /* 112-group.png in Resources */,
				B5ED8F8D1684422200F3F4F6 /* 112-group@2x.png in Resources */,
				B5ED8F921686EECD00F3F4F6 /* RepoCell.xib in Resources */,
				B5ED8F951686F17F00F3F4F6 /* 255-box.png in Resources */,
				B5ED8F961686F17F00F3F4F6 /* 255-box@2x.png in Resources */,
				B5ED8F9D168D639100F3F4F6 /* 12-eye.png in Resources */,
				B5ED8F9E168D639100F3F4F6 /* 12-eye@2x.png in Resources */,
				B5ED8FA2168D64E800F3F4F6 /* 28-star.png in Resources */,
				B5ED8FA3168D64E800F3F4F6 /* 28-star@2x.png in Resources */,
				B5ED8FA81691598200F3F4F6 /* RepoViewController.xib in Resources */,
				B5ED8FAD169161FA00F3F4F6 /* StarredViewController.xib in Resources */,
				B5ED8FB01691627C00F3F4F6 /* 28-star_w.png in Resources */,
				B5ED8FB11691627C00F3F4F6 /* 28-star_w@2x.png in Resources */,
				B5ACFE841698026F008E56C1 /* header_bg.png in Resources */,
				B5ACFE8616980886008E56C1 /* tabbar_bg.png in Resources */,
				B5ACFE8E1698B80F008E56C1 /* Icon.png in Resources */,
				B5ACFE901698B81A008E56C1 /* icon@2x_et.png in Resources */,
				B5E2CA9B169A9AFE0004E9A7 /* GistCell.xib in Resources */,
				B5E2CAA8169C05EF0004E9A7 /* OthersViewController.xib in Resources */,
				B5E2CAAC169C074C0004E9A7 /* 259-list.png in Resources */,
				B5E2CAAD169C074C0004E9A7 /* 259-list@2x.png in Resources */,
				B5E2CAB0169C09800004E9A7 /* 256-box2.png in Resources */,
				B5E2CAB1169C09800004E9A7 /* 256-box2@2x.png in Resources */,
				B501129116A2183700044C85 /* NewsfeedDetailsViewController.xib in Resources */,
				B55514CA16A33C89004D5713 /* barButton.png in Resources */,
				B55514CB16A33C89004D5713 /* barButton@2x.png in Resources */,
				B55514CC16A33C89004D5713 /* barButtonBack.png in Resources */,
				B55514CD16A33C89004D5713 /* barButtonBack@2x.png in Resources */,
				B55514CE16A33C89004D5713 /* barButtonBackDisabled.png in Resources */,
				B55514CF16A33C89004D5713 /* barButtonBackDisabled@2x.png in Resources */,
				B55514D016A33C89004D5713 /* barButtonBackPressed.png in Resources */,
				B55514D116A33C89004D5713 /* barButtonBackPressed@2x.png in Resources */,
				B55514D216A33C89004D5713 /* barButtonDisabled.png in Resources */,
				B55514D316A33C89004D5713 /* barButtonDisabled@2x.png in Resources */,
				B55514D416A33C89004D5713 /* barButtonPressed.png in Resources */,
				B55514D516A33C89004D5713 /* barButtonPressed@2x.png in Resources */,
				B55514D616A33C89004D5713 /* barButton.idraw in Resources */,
				B55514D716A33C89004D5713 /* barButton.svg in Resources */,
				B55514D816A33C89004D5713 /* barButtonBack.idraw in Resources */,
				B55514D916A33C89004D5713 /* barButtonBack.svg in Resources */,
				B55514DA16A33C89004D5713 /* barButtonBackDisabled.idraw in Resources */,
				B55514DB16A33C89004D5713 /* barButtonBackDisabled.svg in Resources */,
				B55514DC16A33C89004D5713 /* barButtonBackPressed.idraw in Resources */,
				B55514DD16A33C89004D5713 /* barButtonBackPressed.svg in Resources */,
				B55514DE16A33C89004D5713 /* barButtonDisabled.idraw in Resources */,
				B55514DF16A33C89004D5713 /* barButtonDisabled.svg in Resources */,
				B55514E016A33C89004D5713 /* barButtonPressed.idraw in Resources */,
				B55514E116A33C89004D5713 /* barButtonPressed.svg in Resources */,
				B55514F016A3CD90004D5713 /* glyphicons_081_refresh.png in Resources */,
				B55514F116A3CD90004D5713 /* glyphicons_081_refresh@2x.png in Resources */,
				B55514F416A3CE6D004D5713 /* glyphicons_081_refresh.png in Resources */,
				B55514F516A3CE6D004D5713 /* glyphicons_081_refresh@2x.png in Resources */,
				B55514F816A3CEA9004D5713 /* glyphicons_081_refresh.png in Resources */,
				B55514F916A3CEA9004D5713 /* glyphicons_081_refresh@2x.png in Resources */,
				B55514FC16A3CEC7004D5713 /* glyphicons_081_refresh.png in Resources */,
				B55514FD16A3CEC7004D5713 /* glyphicons_081_refresh@2x.png in Resources */,
				B555150016A3CEE8004D5713 /* glyphicons_081_refresh.png in Resources */,
				B555150116A3CEE8004D5713 /* glyphicons_081_refresh@2x.png in Resources */,
			);
			runOnlyForDeploymentPostprocessing = 0;
		};
/* End PBXResourcesBuildPhase section */

/* Begin PBXSourcesBuildPhase section */
		B5F5C6FB1675742500C4F0E4 /* Sources */ = {
			isa = PBXSourcesBuildPhase;
			buildActionMask = 2147483647;
			files = (
				B5F5C7121675742500C4F0E4 /* main.m in Sources */,
				B5F5C7161675742500C4F0E4 /* AppDelegate.m in Sources */,
				B5F5C71F1675742500C4F0E4 /* Gitos.xcdatamodeld in Sources */,
				B5F5C7291675762200C4F0E4 /* HomeViewController.m in Sources */,
				B5F5C7341675797000C4F0E4 /* GithubAuthController.m in Sources */,
				B5F5C73E16757A6700C4F0E4 /* GithubAuthenticatorView.m in Sources */,
				B5F5C74216757C0800C4F0E4 /* NSDictionary+UrlEncoding.m in Sources */,
				B5F5C74616757C5D00C4F0E4 /* SizerView.m in Sources */,
				B5F5C7521675A3B500C4F0E4 /* KeychainHelper.m in Sources */,
				B5F5C7551675A3EA00C4F0E4 /* KeychainItemWrapper.m in Sources */,
				B5F5C7641675A71D00C4F0E4 /* AppConfig.m in Sources */,
				B5F5C76A1675B43300C4F0E4 /* LoginViewController.m in Sources */,
				B5F5C7CD167D9B7E00C4F0E4 /* URLParser.m in Sources */,
				B5F5C7D3167DABF700C4F0E4 /* SSKeychain.m in Sources */,
				B5F5C7D7167DB85200C4F0E4 /* NewsfeedViewController.m in Sources */,
				B5F5C7DC167DBAE400C4F0E4 /* ReposViewController.m in Sources */,
				B5F5C7E1167E528E00C4F0E4 /* GistsViewController.m in Sources */,
				B5F5C7EA167E54A700C4F0E4 /* DashboardViewController.m in Sources */,
				B5CC190116822847000D32B3 /* User.m in Sources */,
				B5CC1919168229AE000D32B3 /* AFHTTPClient.m in Sources */,
				B5CC191A168229AE000D32B3 /* AFHTTPRequestOperation.m in Sources */,
				B5CC191B168229AE000D32B3 /* AFImageRequestOperation.m in Sources */,
				B5CC191C168229AE000D32B3 /* AFJSONRequestOperation.m in Sources */,
				B5CC191D168229AE000D32B3 /* AFJSONUtilities.m in Sources */,
				B5CC191E168229AE000D32B3 /* AFNetworkActivityIndicatorManager.m in Sources */,
				B5CC191F168229AE000D32B3 /* AFPropertyListRequestOperation.m in Sources */,
				B5CC1920168229AE000D32B3 /* AFURLConnectionOperation.m in Sources */,
				B5CC1921168229AE000D32B3 /* AFXMLRequestOperation.m in Sources */,
				B5CC1922168229AE000D32B3 /* UIImageView+AFNetworking.m in Sources */,
				B5CB3C76168267AF00566E19 /* NewsFeedCell.m in Sources */,
				B5CB3C9516828E2200566E19 /* SpinnerView.m in Sources */,
				B5CB3C9916828FBE00566E19 /* ProfileViewController.m in Sources */,
				B5CB3CAD1682D6A700566E19 /* ProfileCell.m in Sources */,
				B5ED8F901686EEBD00F3F4F6 /* RepoCell.m in Sources */,
				B5ED8FA71691598200F3F4F6 /* RepoViewController.m in Sources */,
				B5ED8FAC169161FA00F3F4F6 /* StarredViewController.m in Sources */,
				B5E2CA91169A79C70004E9A7 /* RelativeDateDescriptor.m in Sources */,
				B5E2CA99169A99C30004E9A7 /* GistCell.m in Sources */,
				B5E2CAA7169C05EF0004E9A7 /* OthersViewController.m in Sources */,
				B5DF89E6169FD60800114862 /* AppInitialization.m in Sources */,
				B5DF89EF169FFFC200114862 /* SVPullToRefresh.m in Sources */,
				B501128B16A1459900044C85 /* AFOAuth2Client.m in Sources */,
				B501129016A2183700044C85 /* NewsfeedDetailsViewController.m in Sources */,
				B501129416A2190300044C85 /* TimelineEvent.m in Sources */,
			);
			runOnlyForDeploymentPostprocessing = 0;
		};
/* End PBXSourcesBuildPhase section */

/* Begin PBXVariantGroup section */
		B5F5C70E1675742500C4F0E4 /* InfoPlist.strings */ = {
			isa = PBXVariantGroup;
			children = (
				B5F5C70F1675742500C4F0E4 /* en */,
			);
			name = InfoPlist.strings;
			sourceTree = "<group>";
		};
/* End PBXVariantGroup section */

/* Begin XCBuildConfiguration section */
		B5F5C7201675742500C4F0E4 /* Debug */ = {
			isa = XCBuildConfiguration;
			buildSettings = {
				ALWAYS_SEARCH_USER_PATHS = NO;
				CLANG_CXX_LANGUAGE_STANDARD = "gnu++0x";
				CLANG_CXX_LIBRARY = "libc++";
				CLANG_ENABLE_OBJC_ARC = YES;
				CLANG_WARN_EMPTY_BODY = YES;
				CLANG_WARN__DUPLICATE_METHOD_MATCH = YES;
				"CODE_SIGN_IDENTITY[sdk=iphoneos*]" = "iPhone Developer";
				COPY_PHASE_STRIP = NO;
				GCC_C_LANGUAGE_STANDARD = gnu99;
				GCC_DYNAMIC_NO_PIC = NO;
				GCC_OPTIMIZATION_LEVEL = 0;
				GCC_PREPROCESSOR_DEFINITIONS = (
					"DEBUG=1",
					"$(inherited)",
				);
				GCC_SYMBOLS_PRIVATE_EXTERN = NO;
				GCC_WARN_ABOUT_RETURN_TYPE = YES;
				GCC_WARN_UNINITIALIZED_AUTOS = YES;
				GCC_WARN_UNUSED_VARIABLE = YES;
				IPHONEOS_DEPLOYMENT_TARGET = 6.0;
				ONLY_ACTIVE_ARCH = YES;
				SDKROOT = iphoneos;
			};
			name = Debug;
		};
		B5F5C7211675742500C4F0E4 /* Release */ = {
			isa = XCBuildConfiguration;
			buildSettings = {
				ALWAYS_SEARCH_USER_PATHS = NO;
				CLANG_CXX_LANGUAGE_STANDARD = "gnu++0x";
				CLANG_CXX_LIBRARY = "libc++";
				CLANG_ENABLE_OBJC_ARC = YES;
				CLANG_WARN_EMPTY_BODY = YES;
				CLANG_WARN__DUPLICATE_METHOD_MATCH = YES;
				"CODE_SIGN_IDENTITY[sdk=iphoneos*]" = "iPhone Developer";
				COPY_PHASE_STRIP = YES;
				GCC_C_LANGUAGE_STANDARD = gnu99;
				GCC_WARN_ABOUT_RETURN_TYPE = YES;
				GCC_WARN_UNINITIALIZED_AUTOS = YES;
				GCC_WARN_UNUSED_VARIABLE = YES;
				IPHONEOS_DEPLOYMENT_TARGET = 6.0;
				OTHER_CFLAGS = "-DNS_BLOCK_ASSERTIONS=1";
				SDKROOT = iphoneos;
				VALIDATE_PRODUCT = YES;
			};
			name = Release;
		};
		B5F5C7231675742500C4F0E4 /* Debug */ = {
			isa = XCBuildConfiguration;
			buildSettings = {
				CODE_SIGN_IDENTITY = "iPhone Developer: tri vuong (72TC755987)";
				"CODE_SIGN_IDENTITY[sdk=iphoneos*]" = "iPhone Developer: tri vuong (72TC755987)";
				GCC_PRECOMPILE_PREFIX_HEADER = YES;
				GCC_PREFIX_HEADER = "Gitos/Gitos-Prefix.pch";
				INFOPLIST_FILE = "Gitos/Gitos-Info.plist";
				PRODUCT_NAME = "$(TARGET_NAME)";
				PROVISIONING_PROFILE = "403592B6-6F74-4814-BCCD-7F02F62489F9";
				"PROVISIONING_PROFILE[sdk=iphoneos*]" = "403592B6-6F74-4814-BCCD-7F02F62489F9";
				WRAPPER_EXTENSION = app;
			};
			name = Debug;
		};
		B5F5C7241675742500C4F0E4 /* Release */ = {
			isa = XCBuildConfiguration;
			buildSettings = {
				GCC_PRECOMPILE_PREFIX_HEADER = YES;
				GCC_PREFIX_HEADER = "Gitos/Gitos-Prefix.pch";
				INFOPLIST_FILE = "Gitos/Gitos-Info.plist";
				PRODUCT_NAME = "$(TARGET_NAME)";
				WRAPPER_EXTENSION = app;
			};
			name = Release;
		};
/* End XCBuildConfiguration section */

/* Begin XCConfigurationList section */
		B5F5C6F91675742500C4F0E4 /* Build configuration list for PBXProject "Gitos" */ = {
			isa = XCConfigurationList;
			buildConfigurations = (
				B5F5C7201675742500C4F0E4 /* Debug */,
				B5F5C7211675742500C4F0E4 /* Release */,
			);
			defaultConfigurationIsVisible = 0;
			defaultConfigurationName = Release;
		};
		B5F5C7221675742500C4F0E4 /* Build configuration list for PBXNativeTarget "Gitos" */ = {
			isa = XCConfigurationList;
			buildConfigurations = (
				B5F5C7231675742500C4F0E4 /* Debug */,
				B5F5C7241675742500C4F0E4 /* Release */,
			);
			defaultConfigurationIsVisible = 0;
			defaultConfigurationName = Release;
		};
/* End XCConfigurationList section */

/* Begin XCVersionGroup section */
		B5F5C71D1675742500C4F0E4 /* Gitos.xcdatamodeld */ = {
			isa = XCVersionGroup;
			children = (
				B5F5C71E1675742500C4F0E4 /* Gitos.xcdatamodel */,
			);
			currentVersion = B5F5C71E1675742500C4F0E4 /* Gitos.xcdatamodel */;
			path = Gitos.xcdatamodeld;
			sourceTree = "<group>";
			versionGroupType = wrapper.xcdatamodel;
		};
/* End XCVersionGroup section */
	};
	rootObject = B5F5C6F61675742500C4F0E4 /* Project object */;
}
